{
  "object": {
    "pins": [
      {
        "package": "Amber",
        "repositoryURL": "https://github.com/g30r93g/Amber.git",
        "state": {
          "branch": "master",
          "revision": "bdc1cb6353fe181b1bbffced585b4adebcee835c",
          "version": null
        }
      },
      {
        "package": "CodableFirebase",
        "repositoryURL": "https://github.com/alickbass/CodableFirebase.git",
        "state": {
          "branch": null,
          "revision": "a4cda89948db93ec21249a35ecdacab8c489a116",
          "version": "0.2.2"
        }
      },
      {
        "package": "KeyboardLayoutGuide",
        "repositoryURL": "https://github.com/freshOS/KeyboardLayoutGuide.git",
        "state": {
          "branch": "master",
          "revision": "141e8a97eca2b00d7e216e78d993bce522b54e12",
          "version": null
        }
      },
      {
        "package": "KeychainAccess",
        "repositoryURL": "https://github.com/kishikawakatsumi/KeychainAccess.git",
        "state": {
          "branch": "master",
          "revision": "b00f91d92ccb20f67196837db19aaf1a1b9e2ed7",
          "version": null
        }
      },
      {
        "package": "MarqueeLabel",
        "repositoryURL": "https://github.com/cbpowell/MarqueeLabel.git",
        "state": {
          "branch": "master",
          "revision": "53f333932aaf7cce7ce002ed5b21ccf249e23db0",
          "version": null
        }
      },
      {
        "package": "Retry",
        "repositoryURL": "https://github.com/g30r93g/Retry",
        "state": {
          "branch": "master",
          "revision": "f4450c302a8b9a55a4f3435c7b4df4ca2db35263",
          "version": null
        }
      },
      {
        "package": "SPAlert",
        "repositoryURL": "https://github.com/ivanvorobei/SPAlert.git",
        "state": {
          "branch": "master",
          "revision": "91d48a26585bb4c371504d9d3498e6a36b272ea6",
          "version": null
        }
      }
    ]
  },
  "version": 1
}
