{
  "object": {
    "pins": [
      {
        "package": "Amber",
        "repositoryURL": "https://github.com/g30r93g/Amber.git",
        "state": {
          "branch": "master",
          "revision": "d6f70ae1d7a59b6fe2628a8519afd7a7673b8125",
          "version": null
        }
      },
      {
        "package": "CodableFirebase",
        "repositoryURL": "https://github.com/alickbass/CodableFirebase.git",
        "state": {
          "branch": null,
          "revision": "a4cda89948db93ec21249a35ecdacab8c489a116",
          "version": "0.2.2"
        }
      },
      {
        "package": "KeyboardLayoutGuide",
        "repositoryURL": "https://github.com/freshOS/KeyboardLayoutGuide.git",
        "state": {
          "branch": "master",
          "revision": "141e8a97eca2b00d7e216e78d993bce522b54e12",
          "version": null
        }
      },
      {
        "package": "KeychainAccess",
        "repositoryURL": "https://github.com/kishikawakatsumi/KeychainAccess.git",
        "state": {
          "branch": "master",
          "revision": "b00f91d92ccb20f67196837db19aaf1a1b9e2ed7",
          "version": null
        }
      },
      {
        "package": "KeychainWrapper",
        "repositoryURL": "https://github.com/puretears/KeychainWrapper.git",
        "state": {
          "branch": "master",
          "revision": "b93fda43d499798de9e2cfbb68b97cc88d9df287",
          "version": null
        }
      },
      {
        "package": "MarqueeLabel",
        "repositoryURL": "https://github.com/cbpowell/MarqueeLabel.git",
        "state": {
          "branch": "master",
          "revision": "53f333932aaf7cce7ce002ed5b21ccf249e23db0",
          "version": null
        }
      },
      {
        "package": "Retry",
        "repositoryURL": "https://github.com/g30r93g/Retry",
        "state": {
          "branch": "master",
          "revision": "f3df330f3021d91ad7c1df958343e55f1528b709",
          "version": null
        }
      }
    ]
  },
  "version": 1
}
