{
  "object": {
    "pins": [
      {
        "package": "Amber",
        "repositoryURL": "https://github.com/g30r93g/Amber.git",
        "state": {
          "branch": "master",
          "revision": "8551eeec3ecb3027b6e28da82bcc5cd2d2934f29",
          "version": null
        }
      },
      {
        "package": "CodableFirebase",
        "repositoryURL": "https://github.com/alickbass/CodableFirebase.git",
        "state": {
          "branch": null,
          "revision": "a4cda89948db93ec21249a35ecdacab8c489a116",
          "version": "0.2.2"
        }
      },
      {
        "package": "KeyboardLayoutGuide",
        "repositoryURL": "https://github.com/freshOS/KeyboardLayoutGuide.git",
        "state": {
          "branch": "master",
          "revision": "141e8a97eca2b00d7e216e78d993bce522b54e12",
          "version": null
        }
      },
      {
        "package": "KeychainAccess",
        "repositoryURL": "https://github.com/kishikawakatsumi/KeychainAccess.git",
        "state": {
          "branch": "master",
          "revision": "b00f91d92ccb20f67196837db19aaf1a1b9e2ed7",
          "version": null
        }
      },
      {
        "package": "KeychainWrapper",
        "repositoryURL": "https://github.com/puretears/KeychainWrapper.git",
        "state": {
          "branch": "master",
          "revision": "b93fda43d499798de9e2cfbb68b97cc88d9df287",
          "version": null
        }
      },
      {
        "package": "MarqueeLabel",
        "repositoryURL": "https://github.com/cbpowell/MarqueeLabel.git",
        "state": {
          "branch": "master",
          "revision": "7fd264e891e1715c3a42ebfbd8b890fbc6636bbf",
          "version": null
        }
      },
      {
        "package": "PromiseKit",
        "repositoryURL": "https://github.com/mxcl/PromiseKit",
        "state": {
          "branch": "master",
          "revision": "f6b15b7626a4399864ffa1d5ec2ed9cf0cea5556",
          "version": null
        }
      },
      {
        "package": "Retry",
        "repositoryURL": "https://github.com/icanzilb/Retry.git",
        "state": {
          "branch": "master",
          "revision": "59ce66464ef440ccdebf4589a6aef1976eda2689",
          "version": null
        }
      },
      {
        "package": "SPAlert",
        "repositoryURL": "https://github.com/ivanvorobei/SPAlert.git",
        "state": {
          "branch": "master",
          "revision": "91d48a26585bb4c371504d9d3498e6a36b272ea6",
          "version": null
        }
      }
    ]
  },
  "version": 1
}
