// !$*UTF8*$!
{
	archiveVersion = 1;
	classes = {
	};
	objectVersion = 52;
	objects = {

/* Begin PBXBuildFile section */
		1F24EFA024BEE711002D263C /* SPAlert in Frameworks */ = {isa = PBXBuildFile; productRef = 1F24EF9F24BEE711002D263C /* SPAlert */; };
		1F2CFC5124BF7153009FDD3A /* TimeInterval.swift in Sources */ = {isa = PBXBuildFile; fileRef = 1F2CFC5024BF7153009FDD3A /* TimeInterval.swift */; };
		1F31321A254859C000796C28 /* StoreKit.framework in Frameworks */ = {isa = PBXBuildFile; fileRef = 1F313219254859C000796C28 /* StoreKit.framework */; };
		1F3132202548E98D00796C28 /* SDWebImage in Frameworks */ = {isa = PBXBuildFile; productRef = 1F31321F2548E98D00796C28 /* SDWebImage */; };
		1F3573DB25464AAF00F02B9E /* FirebaseFirestoreSwift-Beta in Frameworks */ = {isa = PBXBuildFile; productRef = 1F3573DA25464AAF00F02B9E /* FirebaseFirestoreSwift-Beta */; };
		1F3573DD25464AAF00F02B9E /* FirebaseStorageSwift-Beta in Frameworks */ = {isa = PBXBuildFile; productRef = 1F3573DC25464AAF00F02B9E /* FirebaseStorageSwift-Beta */; };
		1F3573ED25468E8B00F02B9E /* Auth.storyboard in Resources */ = {isa = PBXBuildFile; fileRef = 1F3573EC25468E8B00F02B9E /* Auth.storyboard */; };
		1F3573F225468E9C00F02B9E /* SignInViewController.swift in Sources */ = {isa = PBXBuildFile; fileRef = 1F3573F125468E9C00F02B9E /* SignInViewController.swift */; };
		1F3573F725468EA200F02B9E /* SignUpViewController.swift in Sources */ = {isa = PBXBuildFile; fileRef = 1F3573F625468EA200F02B9E /* SignUpViewController.swift */; };
		1F3573FC254709B300F02B9E /* ConnectStreamingPlatformViewController.swift in Sources */ = {isa = PBXBuildFile; fileRef = 1F3573FB254709B300F02B9E /* ConnectStreamingPlatformViewController.swift */; };
		1F3DB2FA24E03B4C001C2F40 /* PromiseKit in Frameworks */ = {isa = PBXBuildFile; productRef = 1F3DB2F924E03B4C001C2F40 /* PromiseKit */; };
		1F436F81254263B600948838 /* PlatformMatcher.swift in Sources */ = {isa = PBXBuildFile; fileRef = 1F436F80254263B600948838 /* PlatformMatcher.swift */; };
		1F58ABF325472754006B9A96 /* Main.storyboard in Resources */ = {isa = PBXBuildFile; fileRef = 1F58ABF225472754006B9A96 /* Main.storyboard */; };
		1F58ABF82547275F006B9A96 /* HomeViewController.swift in Sources */ = {isa = PBXBuildFile; fileRef = 1F58ABF72547275F006B9A96 /* HomeViewController.swift */; };
		1F58ABFD25472773006B9A96 /* JoinSessionViewController.swift in Sources */ = {isa = PBXBuildFile; fileRef = 1F58ABFC25472773006B9A96 /* JoinSessionViewController.swift */; };
		1F58AC0525472C46006B9A96 /* SetupSessionViewController.swift in Sources */ = {isa = PBXBuildFile; fileRef = 1F58AC0425472C46006B9A96 /* SetupSessionViewController.swift */; };
		1F58AC0A25473462006B9A96 /* TrackListViewController.swift in Sources */ = {isa = PBXBuildFile; fileRef = 1F58AC0925473462006B9A96 /* TrackListViewController.swift */; };
		1F58AC0F254734E4006B9A96 /* SessionViewController.swift in Sources */ = {isa = PBXBuildFile; fileRef = 1F58AC0E254734E4006B9A96 /* SessionViewController.swift */; };
		1F58AC1A25476C38006B9A96 /* TrackSelectionViewController.swift in Sources */ = {isa = PBXBuildFile; fileRef = 1F58AC1925476C38006B9A96 /* TrackSelectionViewController.swift */; };
		1F5ABF2924BDD97600E03C0B /* LeftImageTextField.swift in Sources */ = {isa = PBXBuildFile; fileRef = 1F5ABEDA24BDD97600E03C0B /* LeftImageTextField.swift */; };
		1F5ABF2A24BDD97600E03C0B /* Assets.xcassets in Resources */ = {isa = PBXBuildFile; fileRef = 1F5ABEDB24BDD97600E03C0B /* Assets.xcassets */; };
		1F5ABF2B24BDD97600E03C0B /* ShadowButton.swift in Sources */ = {isa = PBXBuildFile; fileRef = 1F5ABEDC24BDD97600E03C0B /* ShadowButton.swift */; };
		1F5ABF2C24BDD97600E03C0B /* Presentable.swift in Sources */ = {isa = PBXBuildFile; fileRef = 1F5ABEDD24BDD97600E03C0B /* Presentable.swift */; };
		1F5ABF2D24BDD97600E03C0B /* LaunchScreen.storyboard in Resources */ = {isa = PBXBuildFile; fileRef = 1F5ABEDE24BDD97600E03C0B /* LaunchScreen.storyboard */; };
		1F5ABF2E24BDD97600E03C0B /* ShadowImage.swift in Sources */ = {isa = PBXBuildFile; fileRef = 1F5ABEE024BDD97600E03C0B /* ShadowImage.swift */; };
		1F5ABF2F24BDD97600E03C0B /* Round.swift in Sources */ = {isa = PBXBuildFile; fileRef = 1F5ABEE124BDD97600E03C0B /* Round.swift */; };
		1F5ABF3024BDD97600E03C0B /* LoadingButton.swift in Sources */ = {isa = PBXBuildFile; fileRef = 1F5ABEE224BDD97600E03C0B /* LoadingButton.swift */; };
		1F5ABF3524BDD97600E03C0B /* GoogleService-Info.plist in Resources */ = {isa = PBXBuildFile; fileRef = 1F5ABEE824BDD97600E03C0B /* GoogleService-Info.plist */; };
		1F5ABF3624BDD97600E03C0B /* Date.swift in Sources */ = {isa = PBXBuildFile; fileRef = 1F5ABEEA24BDD97600E03C0B /* Date.swift */; };
		1F5ABF3724BDD97600E03C0B /* UIView.swift in Sources */ = {isa = PBXBuildFile; fileRef = 1F5ABEEB24BDD97600E03C0B /* UIView.swift */; };
		1F5ABF3824BDD97600E03C0B /* Array.swift in Sources */ = {isa = PBXBuildFile; fileRef = 1F5ABEEC24BDD97600E03C0B /* Array.swift */; };
		1F5ABF3924BDD97600E03C0B /* UIColor.swift in Sources */ = {isa = PBXBuildFile; fileRef = 1F5ABEED24BDD97600E03C0B /* UIColor.swift */; };
		1F5ABF3A24BDD97600E03C0B /* Integer.swift in Sources */ = {isa = PBXBuildFile; fileRef = 1F5ABEEE24BDD97600E03C0B /* Integer.swift */; };
		1F5ABF3B24BDD97600E03C0B /* UITableView.swift in Sources */ = {isa = PBXBuildFile; fileRef = 1F5ABEEF24BDD97600E03C0B /* UITableView.swift */; };
		1F5ABF3C24BDD97600E03C0B /* AVRoutePickerView.swift in Sources */ = {isa = PBXBuildFile; fileRef = 1F5ABEF024BDD97600E03C0B /* AVRoutePickerView.swift */; };
		1F5ABF3D24BDD97600E03C0B /* String.swift in Sources */ = {isa = PBXBuildFile; fileRef = 1F5ABEF124BDD97600E03C0B /* String.swift */; };
		1F5ABF3E24BDD97600E03C0B /* UIImage.swift in Sources */ = {isa = PBXBuildFile; fileRef = 1F5ABEF224BDD97600E03C0B /* UIImage.swift */; };
		1F5ABF3F24BDD97600E03C0B /* UIApplication.swift in Sources */ = {isa = PBXBuildFile; fileRef = 1F5ABEF324BDD97600E03C0B /* UIApplication.swift */; };
		1F5ABF4524BDD97600E03C0B /* AppDelegate.swift in Sources */ = {isa = PBXBuildFile; fileRef = 1F5ABEFB24BDD97600E03C0B /* AppDelegate.swift */; };
		1F5ABF4924BDD97600E03C0B /* ContentCell.swift in Sources */ = {isa = PBXBuildFile; fileRef = 1F5ABF0124BDD97600E03C0B /* ContentCell.swift */; };
		1F5ABF6224BDD97600E03C0B /* SignInWithAppleButton.swift in Sources */ = {isa = PBXBuildFile; fileRef = 1F5ABF2024BDD97600E03C0B /* SignInWithAppleButton.swift */; };
		1F5ABF6324BDD97600E03C0B /* AVRoutePickerViewButton.swift in Sources */ = {isa = PBXBuildFile; fileRef = 1F5ABF2124BDD97600E03C0B /* AVRoutePickerViewButton.swift */; };
		1F5ABF6424BDD97600E03C0B /* MiniPlayerView.xib in Resources */ = {isa = PBXBuildFile; fileRef = 1F5ABF2324BDD97600E03C0B /* MiniPlayerView.xib */; };
		1F5ABF6524BDD97600E03C0B /* BasementTabBar.swift in Sources */ = {isa = PBXBuildFile; fileRef = 1F5ABF2424BDD97600E03C0B /* BasementTabBar.swift */; };
		1F5ABF6624BDD97600E03C0B /* MiniPlayerView.swift in Sources */ = {isa = PBXBuildFile; fileRef = 1F5ABF2524BDD97600E03C0B /* MiniPlayerView.swift */; };
		1F5ABF6824BDD97600E03C0B /* SceneDelegate.swift in Sources */ = {isa = PBXBuildFile; fileRef = 1F5ABF2824BDD97600E03C0B /* SceneDelegate.swift */; };
		1F71D65924BE34D300B353B8 /* KeychainAccess in Frameworks */ = {isa = PBXBuildFile; productRef = 1F71D65824BE34D300B353B8 /* KeychainAccess */; };
		1F89725624F27C4D00360472 /* Firebase.swift in Sources */ = {isa = PBXBuildFile; fileRef = 1F89725524F27C4D00360472 /* Firebase.swift */; };
		1F89725824F4246400360472 /* SessionManager.swift in Sources */ = {isa = PBXBuildFile; fileRef = 1F89725724F4246400360472 /* SessionManager.swift */; };
		1FA50C3A24AA773F0026577D /* BasementTests.swift in Sources */ = {isa = PBXBuildFile; fileRef = 1FA50C3924AA773F0026577D /* BasementTests.swift */; };
		1FA50C4524AA773F0026577D /* BasementUITests.swift in Sources */ = {isa = PBXBuildFile; fileRef = 1FA50C4424AA773F0026577D /* BasementUITests.swift */; };
		1FCD449324AA7C9700FCB990 /* MarqueeLabel in Frameworks */ = {isa = PBXBuildFile; productRef = 1FCD449224AA7C9700FCB990 /* MarqueeLabel */; };
		1FCD449624AA7CB900FCB990 /* KeyboardLayoutGuide in Frameworks */ = {isa = PBXBuildFile; productRef = 1FCD449524AA7CB900FCB990 /* KeyboardLayoutGuide */; };
		1FCD449F24AA7D4000FCB990 /* AuthenticationServices.framework in Frameworks */ = {isa = PBXBuildFile; fileRef = 1FCD449E24AA7D4000FCB990 /* AuthenticationServices.framework */; };
		1FCD878B24F15841006A12E5 /* Amber in Frameworks */ = {isa = PBXBuildFile; productRef = 1FCD878A24F15841006A12E5 /* Amber */; };
		1FCFA2C62540D52200ED365D /* BasementProfile.swift in Sources */ = {isa = PBXBuildFile; fileRef = 1FCFA2C52540D52200ED365D /* BasementProfile.swift */; };
		1FCFA2E32540EE5700ED365D /* PlaybackManager.swift in Sources */ = {isa = PBXBuildFile; fileRef = 1FCFA2E22540EE5700ED365D /* PlaybackManager.swift */; };
		1FCFA2E82540F21000ED365D /* Music.swift in Sources */ = {isa = PBXBuildFile; fileRef = 1FCFA2E72540F21000ED365D /* Music.swift */; };
		1FCFA2F42540F77E00ED365D /* StreamingPlatform.swift in Sources */ = {isa = PBXBuildFile; fileRef = 1FCFA2F32540F77E00ED365D /* StreamingPlatform.swift */; };
		1FCFA2FF2540F84500ED365D /* AppleMusic.swift in Sources */ = {isa = PBXBuildFile; fileRef = 1FCFA2FE2540F84500ED365D /* AppleMusic.swift */; };
		1FDFA28925311C8900BA77A8 /* FirebaseFirestore in Frameworks */ = {isa = PBXBuildFile; productRef = 1FDFA28825311C8900BA77A8 /* FirebaseFirestore */; };
		1FDFA28D25311C8900BA77A8 /* FirebaseStorage in Frameworks */ = {isa = PBXBuildFile; productRef = 1FDFA28C25311C8900BA77A8 /* FirebaseStorage */; };
		1FDFA28F25311C8900BA77A8 /* FirebaseFunctions in Frameworks */ = {isa = PBXBuildFile; productRef = 1FDFA28E25311C8900BA77A8 /* FirebaseFunctions */; };
		1FDFA29125311C8900BA77A8 /* FirebaseAuth in Frameworks */ = {isa = PBXBuildFile; productRef = 1FDFA29025311C8900BA77A8 /* FirebaseAuth */; };
		1FDFA29525311C8900BA77A8 /* FirebaseMessaging in Frameworks */ = {isa = PBXBuildFile; productRef = 1FDFA29425311C8900BA77A8 /* FirebaseMessaging */; };
		1FFE6EA2254844E80001C405 /* Haptics.swift in Sources */ = {isa = PBXBuildFile; fileRef = 1FFE6EA1254844E80001C405 /* Haptics.swift */; };
/* End PBXBuildFile section */

/* Begin PBXContainerItemProxy section */
		1FA50C3624AA773F0026577D /* PBXContainerItemProxy */ = {
			isa = PBXContainerItemProxy;
			containerPortal = 1FA50C1724AA773E0026577D /* Project object */;
			proxyType = 1;
			remoteGlobalIDString = 1FA50C1E24AA773E0026577D;
			remoteInfo = Basement;
		};
		1FA50C4124AA773F0026577D /* PBXContainerItemProxy */ = {
			isa = PBXContainerItemProxy;
			containerPortal = 1FA50C1724AA773E0026577D /* Project object */;
			proxyType = 1;
			remoteGlobalIDString = 1FA50C1E24AA773E0026577D;
			remoteInfo = Basement;
		};
/* End PBXContainerItemProxy section */

/* Begin PBXFileReference section */
		1F2CFC5024BF7153009FDD3A /* TimeInterval.swift */ = {isa = PBXFileReference; lastKnownFileType = sourcecode.swift; path = TimeInterval.swift; sourceTree = "<group>"; };
		1F313219254859C000796C28 /* StoreKit.framework */ = {isa = PBXFileReference; lastKnownFileType = wrapper.framework; name = StoreKit.framework; path = System/Library/Frameworks/StoreKit.framework; sourceTree = SDKROOT; };
		1F3573EC25468E8B00F02B9E /* Auth.storyboard */ = {isa = PBXFileReference; lastKnownFileType = file.storyboard; path = Auth.storyboard; sourceTree = "<group>"; };
		1F3573F125468E9C00F02B9E /* SignInViewController.swift */ = {isa = PBXFileReference; lastKnownFileType = sourcecode.swift; path = SignInViewController.swift; sourceTree = "<group>"; };
		1F3573F625468EA200F02B9E /* SignUpViewController.swift */ = {isa = PBXFileReference; lastKnownFileType = sourcecode.swift; path = SignUpViewController.swift; sourceTree = "<group>"; };
		1F3573FB254709B300F02B9E /* ConnectStreamingPlatformViewController.swift */ = {isa = PBXFileReference; lastKnownFileType = sourcecode.swift; path = ConnectStreamingPlatformViewController.swift; sourceTree = "<group>"; };
		1F436F80254263B600948838 /* PlatformMatcher.swift */ = {isa = PBXFileReference; lastKnownFileType = sourcecode.swift; path = PlatformMatcher.swift; sourceTree = "<group>"; };
		1F58ABF225472754006B9A96 /* Main.storyboard */ = {isa = PBXFileReference; lastKnownFileType = file.storyboard; path = Main.storyboard; sourceTree = "<group>"; };
		1F58ABF72547275F006B9A96 /* HomeViewController.swift */ = {isa = PBXFileReference; lastKnownFileType = sourcecode.swift; path = HomeViewController.swift; sourceTree = "<group>"; };
		1F58ABFC25472773006B9A96 /* JoinSessionViewController.swift */ = {isa = PBXFileReference; lastKnownFileType = sourcecode.swift; path = JoinSessionViewController.swift; sourceTree = "<group>"; };
		1F58AC0425472C46006B9A96 /* SetupSessionViewController.swift */ = {isa = PBXFileReference; lastKnownFileType = sourcecode.swift; path = SetupSessionViewController.swift; sourceTree = "<group>"; };
		1F58AC0925473462006B9A96 /* TrackListViewController.swift */ = {isa = PBXFileReference; lastKnownFileType = sourcecode.swift; path = TrackListViewController.swift; sourceTree = "<group>"; };
		1F58AC0E254734E4006B9A96 /* SessionViewController.swift */ = {isa = PBXFileReference; lastKnownFileType = sourcecode.swift; path = SessionViewController.swift; sourceTree = "<group>"; };
		1F58AC1925476C38006B9A96 /* TrackSelectionViewController.swift */ = {isa = PBXFileReference; lastKnownFileType = sourcecode.swift; path = TrackSelectionViewController.swift; sourceTree = "<group>"; };
		1F5ABEDA24BDD97600E03C0B /* LeftImageTextField.swift */ = {isa = PBXFileReference; fileEncoding = 4; lastKnownFileType = sourcecode.swift; path = LeftImageTextField.swift; sourceTree = "<group>"; };
		1F5ABEDB24BDD97600E03C0B /* Assets.xcassets */ = {isa = PBXFileReference; lastKnownFileType = folder.assetcatalog; path = Assets.xcassets; sourceTree = "<group>"; };
		1F5ABEDC24BDD97600E03C0B /* ShadowButton.swift */ = {isa = PBXFileReference; fileEncoding = 4; lastKnownFileType = sourcecode.swift; path = ShadowButton.swift; sourceTree = "<group>"; };
		1F5ABEDD24BDD97600E03C0B /* Presentable.swift */ = {isa = PBXFileReference; fileEncoding = 4; lastKnownFileType = sourcecode.swift; path = Presentable.swift; sourceTree = "<group>"; };
		1F5ABEDF24BDD97600E03C0B /* Base */ = {isa = PBXFileReference; lastKnownFileType = file.storyboard; name = Base; path = Base.lproj/LaunchScreen.storyboard; sourceTree = "<group>"; };
		1F5ABEE024BDD97600E03C0B /* ShadowImage.swift */ = {isa = PBXFileReference; fileEncoding = 4; lastKnownFileType = sourcecode.swift; path = ShadowImage.swift; sourceTree = "<group>"; };
		1F5ABEE124BDD97600E03C0B /* Round.swift */ = {isa = PBXFileReference; fileEncoding = 4; lastKnownFileType = sourcecode.swift; path = Round.swift; sourceTree = "<group>"; };
		1F5ABEE224BDD97600E03C0B /* LoadingButton.swift */ = {isa = PBXFileReference; fileEncoding = 4; lastKnownFileType = sourcecode.swift; path = LoadingButton.swift; sourceTree = "<group>"; };
		1F5ABEE424BDD97600E03C0B /* Info.plist */ = {isa = PBXFileReference; fileEncoding = 4; lastKnownFileType = text.plist.xml; path = Info.plist; sourceTree = "<group>"; };
		1F5ABEE824BDD97600E03C0B /* GoogleService-Info.plist */ = {isa = PBXFileReference; fileEncoding = 4; lastKnownFileType = text.plist.xml; path = "GoogleService-Info.plist"; sourceTree = "<group>"; };
		1F5ABEEA24BDD97600E03C0B /* Date.swift */ = {isa = PBXFileReference; fileEncoding = 4; lastKnownFileType = sourcecode.swift; path = Date.swift; sourceTree = "<group>"; };
		1F5ABEEB24BDD97600E03C0B /* UIView.swift */ = {isa = PBXFileReference; fileEncoding = 4; lastKnownFileType = sourcecode.swift; path = UIView.swift; sourceTree = "<group>"; };
		1F5ABEEC24BDD97600E03C0B /* Array.swift */ = {isa = PBXFileReference; fileEncoding = 4; lastKnownFileType = sourcecode.swift; path = Array.swift; sourceTree = "<group>"; };
		1F5ABEED24BDD97600E03C0B /* UIColor.swift */ = {isa = PBXFileReference; fileEncoding = 4; lastKnownFileType = sourcecode.swift; path = UIColor.swift; sourceTree = "<group>"; };
		1F5ABEEE24BDD97600E03C0B /* Integer.swift */ = {isa = PBXFileReference; fileEncoding = 4; lastKnownFileType = sourcecode.swift; path = Integer.swift; sourceTree = "<group>"; };
		1F5ABEEF24BDD97600E03C0B /* UITableView.swift */ = {isa = PBXFileReference; fileEncoding = 4; lastKnownFileType = sourcecode.swift; path = UITableView.swift; sourceTree = "<group>"; };
		1F5ABEF024BDD97600E03C0B /* AVRoutePickerView.swift */ = {isa = PBXFileReference; fileEncoding = 4; lastKnownFileType = sourcecode.swift; path = AVRoutePickerView.swift; sourceTree = "<group>"; };
		1F5ABEF124BDD97600E03C0B /* String.swift */ = {isa = PBXFileReference; fileEncoding = 4; lastKnownFileType = sourcecode.swift; path = String.swift; sourceTree = "<group>"; };
		1F5ABEF224BDD97600E03C0B /* UIImage.swift */ = {isa = PBXFileReference; fileEncoding = 4; lastKnownFileType = sourcecode.swift; path = UIImage.swift; sourceTree = "<group>"; };
		1F5ABEF324BDD97600E03C0B /* UIApplication.swift */ = {isa = PBXFileReference; fileEncoding = 4; lastKnownFileType = sourcecode.swift; path = UIApplication.swift; sourceTree = "<group>"; };
		1F5ABEF424BDD97600E03C0B /* Basement.entitlements */ = {isa = PBXFileReference; fileEncoding = 4; lastKnownFileType = text.plist.entitlements; path = Basement.entitlements; sourceTree = "<group>"; };
		1F5ABEFB24BDD97600E03C0B /* AppDelegate.swift */ = {isa = PBXFileReference; fileEncoding = 4; lastKnownFileType = sourcecode.swift; path = AppDelegate.swift; sourceTree = "<group>"; };
		1F5ABF0124BDD97600E03C0B /* ContentCell.swift */ = {isa = PBXFileReference; fileEncoding = 4; lastKnownFileType = sourcecode.swift; path = ContentCell.swift; sourceTree = "<group>"; };
		1F5ABF2024BDD97600E03C0B /* SignInWithAppleButton.swift */ = {isa = PBXFileReference; fileEncoding = 4; lastKnownFileType = sourcecode.swift; path = SignInWithAppleButton.swift; sourceTree = "<group>"; };
		1F5ABF2124BDD97600E03C0B /* AVRoutePickerViewButton.swift */ = {isa = PBXFileReference; fileEncoding = 4; lastKnownFileType = sourcecode.swift; path = AVRoutePickerViewButton.swift; sourceTree = "<group>"; };
		1F5ABF2324BDD97600E03C0B /* MiniPlayerView.xib */ = {isa = PBXFileReference; fileEncoding = 4; lastKnownFileType = file.xib; path = MiniPlayerView.xib; sourceTree = "<group>"; };
		1F5ABF2424BDD97600E03C0B /* BasementTabBar.swift */ = {isa = PBXFileReference; fileEncoding = 4; lastKnownFileType = sourcecode.swift; path = BasementTabBar.swift; sourceTree = "<group>"; };
		1F5ABF2524BDD97600E03C0B /* MiniPlayerView.swift */ = {isa = PBXFileReference; fileEncoding = 4; lastKnownFileType = sourcecode.swift; path = MiniPlayerView.swift; sourceTree = "<group>"; };
		1F5ABF2824BDD97600E03C0B /* SceneDelegate.swift */ = {isa = PBXFileReference; fileEncoding = 4; lastKnownFileType = sourcecode.swift; path = SceneDelegate.swift; sourceTree = "<group>"; };
		1F89725524F27C4D00360472 /* Firebase.swift */ = {isa = PBXFileReference; lastKnownFileType = sourcecode.swift; path = Firebase.swift; sourceTree = "<group>"; };
		1F89725724F4246400360472 /* SessionManager.swift */ = {isa = PBXFileReference; lastKnownFileType = sourcecode.swift; path = SessionManager.swift; sourceTree = "<group>"; };
		1FA50C1F24AA773E0026577D /* Basement.app */ = {isa = PBXFileReference; explicitFileType = wrapper.application; includeInIndex = 0; path = Basement.app; sourceTree = BUILT_PRODUCTS_DIR; };
		1FA50C3524AA773F0026577D /* BasementTests.xctest */ = {isa = PBXFileReference; explicitFileType = wrapper.cfbundle; includeInIndex = 0; path = BasementTests.xctest; sourceTree = BUILT_PRODUCTS_DIR; };
		1FA50C3924AA773F0026577D /* BasementTests.swift */ = {isa = PBXFileReference; lastKnownFileType = sourcecode.swift; path = BasementTests.swift; sourceTree = "<group>"; };
		1FA50C3B24AA773F0026577D /* Info.plist */ = {isa = PBXFileReference; lastKnownFileType = text.plist.xml; path = Info.plist; sourceTree = "<group>"; };
		1FA50C4024AA773F0026577D /* BasementUITests.xctest */ = {isa = PBXFileReference; explicitFileType = wrapper.cfbundle; includeInIndex = 0; path = BasementUITests.xctest; sourceTree = BUILT_PRODUCTS_DIR; };
		1FA50C4424AA773F0026577D /* BasementUITests.swift */ = {isa = PBXFileReference; lastKnownFileType = sourcecode.swift; path = BasementUITests.swift; sourceTree = "<group>"; };
		1FA50C4624AA773F0026577D /* Info.plist */ = {isa = PBXFileReference; lastKnownFileType = text.plist.xml; path = Info.plist; sourceTree = "<group>"; };
		1FCD449E24AA7D4000FCB990 /* AuthenticationServices.framework */ = {isa = PBXFileReference; lastKnownFileType = wrapper.framework; name = AuthenticationServices.framework; path = System/Library/Frameworks/AuthenticationServices.framework; sourceTree = SDKROOT; };
		1FCFA2C52540D52200ED365D /* BasementProfile.swift */ = {isa = PBXFileReference; lastKnownFileType = sourcecode.swift; path = BasementProfile.swift; sourceTree = "<group>"; };
		1FCFA2E22540EE5700ED365D /* PlaybackManager.swift */ = {isa = PBXFileReference; lastKnownFileType = sourcecode.swift; path = PlaybackManager.swift; sourceTree = "<group>"; };
		1FCFA2E72540F21000ED365D /* Music.swift */ = {isa = PBXFileReference; lastKnownFileType = sourcecode.swift; path = Music.swift; sourceTree = "<group>"; };
		1FCFA2F32540F77E00ED365D /* StreamingPlatform.swift */ = {isa = PBXFileReference; lastKnownFileType = sourcecode.swift; path = StreamingPlatform.swift; sourceTree = "<group>"; };
		1FCFA2FE2540F84500ED365D /* AppleMusic.swift */ = {isa = PBXFileReference; lastKnownFileType = sourcecode.swift; path = AppleMusic.swift; sourceTree = "<group>"; };
		1FDAC8A424AE2307004F7533 /* SpotifyiOS.framework */ = {isa = PBXFileReference; lastKnownFileType = wrapper.framework; name = SpotifyiOS.framework; path = Basement/Resources/SpotifyiOS.framework; sourceTree = "<group>"; };
		1FFE6EA1254844E80001C405 /* Haptics.swift */ = {isa = PBXFileReference; lastKnownFileType = sourcecode.swift; path = Haptics.swift; sourceTree = "<group>"; };
/* End PBXFileReference section */

/* Begin PBXFrameworksBuildPhase section */
		1FA50C1C24AA773E0026577D /* Frameworks */ = {
			isa = PBXFrameworksBuildPhase;
			buildActionMask = 2147483647;
			files = (
				1FCD878B24F15841006A12E5 /* Amber in Frameworks */,
				1FDFA29125311C8900BA77A8 /* FirebaseAuth in Frameworks */,
				1FDFA28F25311C8900BA77A8 /* FirebaseFunctions in Frameworks */,
				1FCD449F24AA7D4000FCB990 /* AuthenticationServices.framework in Frameworks */,
				1FCD449624AA7CB900FCB990 /* KeyboardLayoutGuide in Frameworks */,
				1F3573DD25464AAF00F02B9E /* FirebaseStorageSwift-Beta in Frameworks */,
				1F3132202548E98D00796C28 /* SDWebImage in Frameworks */,
				1F71D65924BE34D300B353B8 /* KeychainAccess in Frameworks */,
				1F3DB2FA24E03B4C001C2F40 /* PromiseKit in Frameworks */,
				1FDFA29525311C8900BA77A8 /* FirebaseMessaging in Frameworks */,
				1F24EFA024BEE711002D263C /* SPAlert in Frameworks */,
				1FDFA28D25311C8900BA77A8 /* FirebaseStorage in Frameworks */,
				1F3573DB25464AAF00F02B9E /* FirebaseFirestoreSwift-Beta in Frameworks */,
				1F31321A254859C000796C28 /* StoreKit.framework in Frameworks */,
				1FCD449324AA7C9700FCB990 /* MarqueeLabel in Frameworks */,
				1FDFA28925311C8900BA77A8 /* FirebaseFirestore in Frameworks */,
			);
			runOnlyForDeploymentPostprocessing = 0;
		};
		1FA50C3224AA773F0026577D /* Frameworks */ = {
			isa = PBXFrameworksBuildPhase;
			buildActionMask = 2147483647;
			files = (
			);
			runOnlyForDeploymentPostprocessing = 0;
		};
		1FA50C3D24AA773F0026577D /* Frameworks */ = {
			isa = PBXFrameworksBuildPhase;
			buildActionMask = 2147483647;
			files = (
			);
			runOnlyForDeploymentPostprocessing = 0;
		};
/* End PBXFrameworksBuildPhase section */

/* Begin PBXGroup section */
		1F2736EC24EFD9CB003C86FD /* Controllers & Models */ = {
			isa = PBXGroup;
			children = (
				1FCFA2E72540F21000ED365D /* Music.swift */,
				1F89725524F27C4D00360472 /* Firebase.swift */,
				1FCFA2C52540D52200ED365D /* BasementProfile.swift */,
				1F89725724F4246400360472 /* SessionManager.swift */,
				1FCFA2E22540EE5700ED365D /* PlaybackManager.swift */,
				1FCFA2F22540F76F00ED365D /* Streaming Platforms */,
			);
			path = "Controllers & Models";
			sourceTree = "<group>";
		};
		1F3573EA25468E2100F02B9E /* Auth */ = {
			isa = PBXGroup;
			children = (
				1F3573EC25468E8B00F02B9E /* Auth.storyboard */,
				1F3573F125468E9C00F02B9E /* SignInViewController.swift */,
				1F3573F625468EA200F02B9E /* SignUpViewController.swift */,
				1F3573FB254709B300F02B9E /* ConnectStreamingPlatformViewController.swift */,
			);
			path = Auth;
			sourceTree = "<group>";
		};
		1F3573EB25468E2600F02B9E /* Main */ = {
			isa = PBXGroup;
			children = (
				1F58ABF225472754006B9A96 /* Main.storyboard */,
				1F58ABF72547275F006B9A96 /* HomeViewController.swift */,
				1F58AC0425472C46006B9A96 /* SetupSessionViewController.swift */,
				1F58AC0925473462006B9A96 /* TrackListViewController.swift */,
				1F58AC1925476C38006B9A96 /* TrackSelectionViewController.swift */,
				1F58ABFC25472773006B9A96 /* JoinSessionViewController.swift */,
				1F58AC0E254734E4006B9A96 /* SessionViewController.swift */,
			);
			path = Main;
			sourceTree = "<group>";
		};
		1F5ABED724BDD97600E03C0B /* Basement */ = {
			isa = PBXGroup;
			children = (
				1F5ABEF424BDD97600E03C0B /* Basement.entitlements */,
				1F5ABEE824BDD97600E03C0B /* GoogleService-Info.plist */,
				1F5ABEFB24BDD97600E03C0B /* AppDelegate.swift */,
				1F5ABF2824BDD97600E03C0B /* SceneDelegate.swift */,
				1F5ABEFC24BDD97600E03C0B /* Views */,
				1F2736EC24EFD9CB003C86FD /* Controllers & Models */,
				1F5ABED924BDD97600E03C0B /* Resources */,
				1F5ABEE924BDD97600E03C0B /* Extensions */,
			);
			path = Basement;
			sourceTree = "<group>";
		};
		1F5ABED924BDD97600E03C0B /* Resources */ = {
			isa = PBXGroup;
			children = (
				1F5ABEE424BDD97600E03C0B /* Info.plist */,
				1F5ABEDB24BDD97600E03C0B /* Assets.xcassets */,
				1F5ABEDE24BDD97600E03C0B /* LaunchScreen.storyboard */,
				1F5ABEDA24BDD97600E03C0B /* LeftImageTextField.swift */,
				1F5ABEDC24BDD97600E03C0B /* ShadowButton.swift */,
				1F5ABEDD24BDD97600E03C0B /* Presentable.swift */,
				1F5ABEE024BDD97600E03C0B /* ShadowImage.swift */,
				1F5ABEE124BDD97600E03C0B /* Round.swift */,
				1F5ABEE224BDD97600E03C0B /* LoadingButton.swift */,
				1FFE6EA1254844E80001C405 /* Haptics.swift */,
			);
			path = Resources;
			sourceTree = "<group>";
		};
		1F5ABEE924BDD97600E03C0B /* Extensions */ = {
			isa = PBXGroup;
			children = (
				1F5ABEEA24BDD97600E03C0B /* Date.swift */,
				1F5ABEEB24BDD97600E03C0B /* UIView.swift */,
				1F5ABEEC24BDD97600E03C0B /* Array.swift */,
				1F5ABEED24BDD97600E03C0B /* UIColor.swift */,
				1F5ABEEE24BDD97600E03C0B /* Integer.swift */,
				1F5ABEEF24BDD97600E03C0B /* UITableView.swift */,
				1F5ABEF024BDD97600E03C0B /* AVRoutePickerView.swift */,
				1F5ABEF124BDD97600E03C0B /* String.swift */,
				1F5ABEF224BDD97600E03C0B /* UIImage.swift */,
				1F5ABEF324BDD97600E03C0B /* UIApplication.swift */,
				1F2CFC5024BF7153009FDD3A /* TimeInterval.swift */,
			);
			path = Extensions;
			sourceTree = "<group>";
		};
		1F5ABEFC24BDD97600E03C0B /* Views */ = {
			isa = PBXGroup;
			children = (
				1F3573EA25468E2100F02B9E /* Auth */,
				1F3573EB25468E2600F02B9E /* Main */,
				1F5ABF1F24BDD97600E03C0B /* Supporting Views */,
				1F5ABEFD24BDD97600E03C0B /* Table View Cells */,
			);
			path = Views;
			sourceTree = "<group>";
		};
		1F5ABEFD24BDD97600E03C0B /* Table View Cells */ = {
			isa = PBXGroup;
			children = (
				1F5ABF0124BDD97600E03C0B /* ContentCell.swift */,
			);
			path = "Table View Cells";
			sourceTree = "<group>";
		};
		1F5ABF1F24BDD97600E03C0B /* Supporting Views */ = {
			isa = PBXGroup;
			children = (
				1F5ABF2024BDD97600E03C0B /* SignInWithAppleButton.swift */,
				1F5ABF2124BDD97600E03C0B /* AVRoutePickerViewButton.swift */,
				1F5ABF2224BDD97600E03C0B /* Tab Bar */,
			);
			path = "Supporting Views";
			sourceTree = "<group>";
		};
		1F5ABF2224BDD97600E03C0B /* Tab Bar */ = {
			isa = PBXGroup;
			children = (
				1F5ABF2324BDD97600E03C0B /* MiniPlayerView.xib */,
				1F5ABF2424BDD97600E03C0B /* BasementTabBar.swift */,
				1F5ABF2524BDD97600E03C0B /* MiniPlayerView.swift */,
			);
			path = "Tab Bar";
			sourceTree = "<group>";
		};
		1FA50C1624AA773E0026577D = {
			isa = PBXGroup;
			children = (
				1F5ABED724BDD97600E03C0B /* Basement */,
				1FA50C3824AA773F0026577D /* BasementTests */,
				1FA50C4324AA773F0026577D /* BasementUITests */,
				1FA50C2024AA773E0026577D /* Products */,
				58EF2E197C577D31049E3BCE /* Frameworks */,
			);
			sourceTree = "<group>";
		};
		1FA50C2024AA773E0026577D /* Products */ = {
			isa = PBXGroup;
			children = (
				1FA50C1F24AA773E0026577D /* Basement.app */,
				1FA50C3524AA773F0026577D /* BasementTests.xctest */,
				1FA50C4024AA773F0026577D /* BasementUITests.xctest */,
			);
			name = Products;
			sourceTree = "<group>";
		};
		1FA50C3824AA773F0026577D /* BasementTests */ = {
			isa = PBXGroup;
			children = (
				1FA50C3924AA773F0026577D /* BasementTests.swift */,
				1FA50C3B24AA773F0026577D /* Info.plist */,
			);
			path = BasementTests;
			sourceTree = "<group>";
		};
		1FA50C4324AA773F0026577D /* BasementUITests */ = {
			isa = PBXGroup;
			children = (
				1FA50C4424AA773F0026577D /* BasementUITests.swift */,
				1FA50C4624AA773F0026577D /* Info.plist */,
			);
			path = BasementUITests;
			sourceTree = "<group>";
		};
		1FCFA2F22540F76F00ED365D /* Streaming Platforms */ = {
			isa = PBXGroup;
			children = (
				1FCFA2F32540F77E00ED365D /* StreamingPlatform.swift */,
				1F436F80254263B600948838 /* PlatformMatcher.swift */,
				1FCFA2FE2540F84500ED365D /* AppleMusic.swift */,
			);
			path = "Streaming Platforms";
			sourceTree = "<group>";
		};
		58EF2E197C577D31049E3BCE /* Frameworks */ = {
			isa = PBXGroup;
			children = (
				1F313219254859C000796C28 /* StoreKit.framework */,
				1FDAC8A424AE2307004F7533 /* SpotifyiOS.framework */,
				1FCD449E24AA7D4000FCB990 /* AuthenticationServices.framework */,
			);
			name = Frameworks;
			sourceTree = "<group>";
		};
/* End PBXGroup section */

/* Begin PBXNativeTarget section */
		1FA50C1E24AA773E0026577D /* Basement */ = {
			isa = PBXNativeTarget;
			buildConfigurationList = 1FA50C4924AA773F0026577D /* Build configuration list for PBXNativeTarget "Basement" */;
			buildPhases = (
				1FA50C1B24AA773E0026577D /* Sources */,
				1FA50C1C24AA773E0026577D /* Frameworks */,
				1FA50C1D24AA773E0026577D /* Resources */,
			);
			buildRules = (
			);
			dependencies = (
			);
			name = Basement;
			packageProductDependencies = (
				1FCD449224AA7C9700FCB990 /* MarqueeLabel */,
				1FCD449524AA7CB900FCB990 /* KeyboardLayoutGuide */,
				1F71D65824BE34D300B353B8 /* KeychainAccess */,
				1F24EF9F24BEE711002D263C /* SPAlert */,
				1F3DB2F924E03B4C001C2F40 /* PromiseKit */,
				1FCD878A24F15841006A12E5 /* Amber */,
				1FDFA28825311C8900BA77A8 /* FirebaseFirestore */,
				1FDFA28C25311C8900BA77A8 /* FirebaseStorage */,
				1FDFA28E25311C8900BA77A8 /* FirebaseFunctions */,
				1FDFA29025311C8900BA77A8 /* FirebaseAuth */,
				1FDFA29425311C8900BA77A8 /* FirebaseMessaging */,
				1F3573DA25464AAF00F02B9E /* FirebaseFirestoreSwift-Beta */,
				1F3573DC25464AAF00F02B9E /* FirebaseStorageSwift-Beta */,
				1F31321F2548E98D00796C28 /* SDWebImage */,
			);
			productName = Basement;
			productReference = 1FA50C1F24AA773E0026577D /* Basement.app */;
			productType = "com.apple.product-type.application";
		};
		1FA50C3424AA773F0026577D /* BasementTests */ = {
			isa = PBXNativeTarget;
			buildConfigurationList = 1FA50C4C24AA773F0026577D /* Build configuration list for PBXNativeTarget "BasementTests" */;
			buildPhases = (
				1FA50C3124AA773F0026577D /* Sources */,
				1FA50C3224AA773F0026577D /* Frameworks */,
				1FA50C3324AA773F0026577D /* Resources */,
			);
			buildRules = (
			);
			dependencies = (
				1FA50C3724AA773F0026577D /* PBXTargetDependency */,
			);
			name = BasementTests;
			productName = BasementTests;
			productReference = 1FA50C3524AA773F0026577D /* BasementTests.xctest */;
			productType = "com.apple.product-type.bundle.unit-test";
		};
		1FA50C3F24AA773F0026577D /* BasementUITests */ = {
			isa = PBXNativeTarget;
			buildConfigurationList = 1FA50C4F24AA773F0026577D /* Build configuration list for PBXNativeTarget "BasementUITests" */;
			buildPhases = (
				1FA50C3C24AA773F0026577D /* Sources */,
				1FA50C3D24AA773F0026577D /* Frameworks */,
				1FA50C3E24AA773F0026577D /* Resources */,
			);
			buildRules = (
			);
			dependencies = (
				1FA50C4224AA773F0026577D /* PBXTargetDependency */,
			);
			name = BasementUITests;
			productName = BasementUITests;
			productReference = 1FA50C4024AA773F0026577D /* BasementUITests.xctest */;
			productType = "com.apple.product-type.bundle.ui-testing";
		};
/* End PBXNativeTarget section */

/* Begin PBXProject section */
		1FA50C1724AA773E0026577D /* Project object */ = {
			isa = PBXProject;
			attributes = {
				LastSwiftUpdateCheck = 1200;
				LastUpgradeCheck = 1200;
				TargetAttributes = {
					1FA50C1E24AA773E0026577D = {
						CreatedOnToolsVersion = 12.0;
					};
					1FA50C3424AA773F0026577D = {
						CreatedOnToolsVersion = 12.0;
						TestTargetID = 1FA50C1E24AA773E0026577D;
					};
					1FA50C3F24AA773F0026577D = {
						CreatedOnToolsVersion = 12.0;
						TestTargetID = 1FA50C1E24AA773E0026577D;
					};
				};
			};
			buildConfigurationList = 1FA50C1A24AA773E0026577D /* Build configuration list for PBXProject "Basement" */;
			compatibilityVersion = "Xcode 10.0";
			developmentRegion = en;
			hasScannedForEncodings = 0;
			knownRegions = (
				en,
				Base,
			);
			mainGroup = 1FA50C1624AA773E0026577D;
			packageReferences = (
				1FCD449124AA7C9700FCB990 /* XCRemoteSwiftPackageReference "MarqueeLabel" */,
				1FCD449424AA7CB900FCB990 /* XCRemoteSwiftPackageReference "KeyboardLayoutGuide" */,
				1F71D65724BE34D300B353B8 /* XCRemoteSwiftPackageReference "KeychainAccess" */,
				1F24EF9E24BEE711002D263C /* XCRemoteSwiftPackageReference "SPAlert" */,
				1F3DB2F824E03B4C001C2F40 /* XCRemoteSwiftPackageReference "PromiseKit" */,
				1FCD878924F15841006A12E5 /* XCRemoteSwiftPackageReference "Amber" */,
				1FDFA28725311C8900BA77A8 /* XCRemoteSwiftPackageReference "firebase-ios-sdk" */,
				1F31321E2548E98C00796C28 /* XCRemoteSwiftPackageReference "SDWebImage" */,
			);
			productRefGroup = 1FA50C2024AA773E0026577D /* Products */;
			projectDirPath = "";
			projectRoot = "";
			targets = (
				1FA50C1E24AA773E0026577D /* Basement */,
				1FA50C3424AA773F0026577D /* BasementTests */,
				1FA50C3F24AA773F0026577D /* BasementUITests */,
			);
		};
/* End PBXProject section */

/* Begin PBXResourcesBuildPhase section */
		1FA50C1D24AA773E0026577D /* Resources */ = {
			isa = PBXResourcesBuildPhase;
			buildActionMask = 2147483647;
			files = (
				1F3573ED25468E8B00F02B9E /* Auth.storyboard in Resources */,
				1F5ABF2A24BDD97600E03C0B /* Assets.xcassets in Resources */,
				1F5ABF3524BDD97600E03C0B /* GoogleService-Info.plist in Resources */,
				1F58ABF325472754006B9A96 /* Main.storyboard in Resources */,
				1F5ABF2D24BDD97600E03C0B /* LaunchScreen.storyboard in Resources */,
				1F5ABF6424BDD97600E03C0B /* MiniPlayerView.xib in Resources */,
			);
			runOnlyForDeploymentPostprocessing = 0;
		};
		1FA50C3324AA773F0026577D /* Resources */ = {
			isa = PBXResourcesBuildPhase;
			buildActionMask = 2147483647;
			files = (
			);
			runOnlyForDeploymentPostprocessing = 0;
		};
		1FA50C3E24AA773F0026577D /* Resources */ = {
			isa = PBXResourcesBuildPhase;
			buildActionMask = 2147483647;
			files = (
			);
			runOnlyForDeploymentPostprocessing = 0;
		};
/* End PBXResourcesBuildPhase section */

/* Begin PBXSourcesBuildPhase section */
		1FA50C1B24AA773E0026577D /* Sources */ = {
			isa = PBXSourcesBuildPhase;
			buildActionMask = 2147483647;
			files = (
				1FFE6EA2254844E80001C405 /* Haptics.swift in Sources */,
				1F5ABF4524BDD97600E03C0B /* AppDelegate.swift in Sources */,
				1F5ABF3F24BDD97600E03C0B /* UIApplication.swift in Sources */,
				1F58ABFD25472773006B9A96 /* JoinSessionViewController.swift in Sources */,
				1F5ABF3A24BDD97600E03C0B /* Integer.swift in Sources */,
				1F89725624F27C4D00360472 /* Firebase.swift in Sources */,
				1F5ABF6624BDD97600E03C0B /* MiniPlayerView.swift in Sources */,
				1F5ABF3724BDD97600E03C0B /* UIView.swift in Sources */,
				1F5ABF3924BDD97600E03C0B /* UIColor.swift in Sources */,
				1F5ABF3024BDD97600E03C0B /* LoadingButton.swift in Sources */,
				1F5ABF6824BDD97600E03C0B /* SceneDelegate.swift in Sources */,
				1F5ABF2924BDD97600E03C0B /* LeftImageTextField.swift in Sources */,
				1F5ABF3E24BDD97600E03C0B /* UIImage.swift in Sources */,
				1FCFA2E82540F21000ED365D /* Music.swift in Sources */,
				1F5ABF2E24BDD97600E03C0B /* ShadowImage.swift in Sources */,
				1F5ABF6524BDD97600E03C0B /* BasementTabBar.swift in Sources */,
				1F5ABF6324BDD97600E03C0B /* AVRoutePickerViewButton.swift in Sources */,
				1F58AC0525472C46006B9A96 /* SetupSessionViewController.swift in Sources */,
				1F5ABF4924BDD97600E03C0B /* ContentCell.swift in Sources */,
				1F5ABF2B24BDD97600E03C0B /* ShadowButton.swift in Sources */,
				1F5ABF3C24BDD97600E03C0B /* AVRoutePickerView.swift in Sources */,
				1F5ABF3824BDD97600E03C0B /* Array.swift in Sources */,
				1F5ABF2F24BDD97600E03C0B /* Round.swift in Sources */,
				1F3573F725468EA200F02B9E /* SignUpViewController.swift in Sources */,
				1F5ABF6224BDD97600E03C0B /* SignInWithAppleButton.swift in Sources */,
				1FCFA2E32540EE5700ED365D /* PlaybackManager.swift in Sources */,
				1F58ABF82547275F006B9A96 /* HomeViewController.swift in Sources */,
				1FCFA2C62540D52200ED365D /* BasementProfile.swift in Sources */,
				1F436F81254263B600948838 /* PlatformMatcher.swift in Sources */,
				1F58AC1A25476C38006B9A96 /* TrackSelectionViewController.swift in Sources */,
				1F3573F225468E9C00F02B9E /* SignInViewController.swift in Sources */,
				1F3573FC254709B300F02B9E /* ConnectStreamingPlatformViewController.swift in Sources */,
				1F5ABF3624BDD97600E03C0B /* Date.swift in Sources */,
				1FCFA2F42540F77E00ED365D /* StreamingPlatform.swift in Sources */,
				1F2CFC5124BF7153009FDD3A /* TimeInterval.swift in Sources */,
				1F58AC0F254734E4006B9A96 /* SessionViewController.swift in Sources */,
				1FCFA2FF2540F84500ED365D /* AppleMusic.swift in Sources */,
				1F5ABF2C24BDD97600E03C0B /* Presentable.swift in Sources */,
				1F58AC0A25473462006B9A96 /* TrackListViewController.swift in Sources */,
				1F5ABF3D24BDD97600E03C0B /* String.swift in Sources */,
				1F89725824F4246400360472 /* SessionManager.swift in Sources */,
				1F5ABF3B24BDD97600E03C0B /* UITableView.swift in Sources */,
			);
			runOnlyForDeploymentPostprocessing = 0;
		};
		1FA50C3124AA773F0026577D /* Sources */ = {
			isa = PBXSourcesBuildPhase;
			buildActionMask = 2147483647;
			files = (
				1FA50C3A24AA773F0026577D /* BasementTests.swift in Sources */,
			);
			runOnlyForDeploymentPostprocessing = 0;
		};
		1FA50C3C24AA773F0026577D /* Sources */ = {
			isa = PBXSourcesBuildPhase;
			buildActionMask = 2147483647;
			files = (
				1FA50C4524AA773F0026577D /* BasementUITests.swift in Sources */,
			);
			runOnlyForDeploymentPostprocessing = 0;
		};
/* End PBXSourcesBuildPhase section */

/* Begin PBXTargetDependency section */
		1FA50C3724AA773F0026577D /* PBXTargetDependency */ = {
			isa = PBXTargetDependency;
			target = 1FA50C1E24AA773E0026577D /* Basement */;
			targetProxy = 1FA50C3624AA773F0026577D /* PBXContainerItemProxy */;
		};
		1FA50C4224AA773F0026577D /* PBXTargetDependency */ = {
			isa = PBXTargetDependency;
			target = 1FA50C1E24AA773E0026577D /* Basement */;
			targetProxy = 1FA50C4124AA773F0026577D /* PBXContainerItemProxy */;
		};
/* End PBXTargetDependency section */

/* Begin PBXVariantGroup section */
		1F5ABEDE24BDD97600E03C0B /* LaunchScreen.storyboard */ = {
			isa = PBXVariantGroup;
			children = (
				1F5ABEDF24BDD97600E03C0B /* Base */,
			);
			name = LaunchScreen.storyboard;
			sourceTree = "<group>";
		};
/* End PBXVariantGroup section */

/* Begin XCBuildConfiguration section */
		1FA50C4724AA773F0026577D /* Debug */ = {
			isa = XCBuildConfiguration;
			buildSettings = {
				ALWAYS_SEARCH_USER_PATHS = NO;
				CLANG_ANALYZER_NONNULL = YES;
				CLANG_ANALYZER_NUMBER_OBJECT_CONVERSION = YES_AGGRESSIVE;
				CLANG_CXX_LANGUAGE_STANDARD = "gnu++14";
				CLANG_CXX_LIBRARY = "libc++";
				CLANG_ENABLE_MODULES = YES;
				CLANG_ENABLE_OBJC_ARC = YES;
				CLANG_ENABLE_OBJC_WEAK = YES;
				CLANG_WARN_BLOCK_CAPTURE_AUTORELEASING = YES;
				CLANG_WARN_BOOL_CONVERSION = YES;
				CLANG_WARN_COMMA = YES;
				CLANG_WARN_CONSTANT_CONVERSION = YES;
				CLANG_WARN_DEPRECATED_OBJC_IMPLEMENTATIONS = YES;
				CLANG_WARN_DIRECT_OBJC_ISA_USAGE = YES_ERROR;
				CLANG_WARN_DOCUMENTATION_COMMENTS = YES;
				CLANG_WARN_EMPTY_BODY = YES;
				CLANG_WARN_ENUM_CONVERSION = YES;
				CLANG_WARN_INFINITE_RECURSION = YES;
				CLANG_WARN_INT_CONVERSION = YES;
				CLANG_WARN_NON_LITERAL_NULL_CONVERSION = YES;
				CLANG_WARN_OBJC_IMPLICIT_RETAIN_SELF = YES;
				CLANG_WARN_OBJC_LITERAL_CONVERSION = YES;
				CLANG_WARN_OBJC_ROOT_CLASS = YES_ERROR;
				CLANG_WARN_QUOTED_INCLUDE_IN_FRAMEWORK_HEADER = YES;
				CLANG_WARN_RANGE_LOOP_ANALYSIS = YES;
				CLANG_WARN_STRICT_PROTOTYPES = YES;
				CLANG_WARN_SUSPICIOUS_MOVE = YES;
				CLANG_WARN_UNGUARDED_AVAILABILITY = YES_AGGRESSIVE;
				CLANG_WARN_UNREACHABLE_CODE = YES;
				CLANG_WARN__DUPLICATE_METHOD_MATCH = YES;
				COPY_PHASE_STRIP = NO;
				DEBUG_INFORMATION_FORMAT = dwarf;
				ENABLE_STRICT_OBJC_MSGSEND = YES;
				ENABLE_TESTABILITY = YES;
				GCC_C_LANGUAGE_STANDARD = gnu11;
				GCC_DYNAMIC_NO_PIC = NO;
				GCC_NO_COMMON_BLOCKS = YES;
				GCC_OPTIMIZATION_LEVEL = 0;
				GCC_PREPROCESSOR_DEFINITIONS = (
					"DEBUG=1",
					"$(inherited)",
				);
				GCC_WARN_64_TO_32_BIT_CONVERSION = YES;
				GCC_WARN_ABOUT_RETURN_TYPE = YES_ERROR;
				GCC_WARN_UNDECLARED_SELECTOR = YES;
				GCC_WARN_UNINITIALIZED_AUTOS = YES_AGGRESSIVE;
				GCC_WARN_UNUSED_FUNCTION = YES;
				GCC_WARN_UNUSED_VARIABLE = YES;
				IPHONEOS_DEPLOYMENT_TARGET = 14.0;
				MTL_ENABLE_DEBUG_INFO = INCLUDE_SOURCE;
				MTL_FAST_MATH = YES;
				ONLY_ACTIVE_ARCH = YES;
				SDKROOT = iphoneos;
				SWIFT_ACTIVE_COMPILATION_CONDITIONS = DEBUG;
				SWIFT_OPTIMIZATION_LEVEL = "-Onone";
			};
			name = Debug;
		};
		1FA50C4824AA773F0026577D /* Release */ = {
			isa = XCBuildConfiguration;
			buildSettings = {
				ALWAYS_SEARCH_USER_PATHS = NO;
				CLANG_ANALYZER_NONNULL = YES;
				CLANG_ANALYZER_NUMBER_OBJECT_CONVERSION = YES_AGGRESSIVE;
				CLANG_CXX_LANGUAGE_STANDARD = "gnu++14";
				CLANG_CXX_LIBRARY = "libc++";
				CLANG_ENABLE_MODULES = YES;
				CLANG_ENABLE_OBJC_ARC = YES;
				CLANG_ENABLE_OBJC_WEAK = YES;
				CLANG_WARN_BLOCK_CAPTURE_AUTORELEASING = YES;
				CLANG_WARN_BOOL_CONVERSION = YES;
				CLANG_WARN_COMMA = YES;
				CLANG_WARN_CONSTANT_CONVERSION = YES;
				CLANG_WARN_DEPRECATED_OBJC_IMPLEMENTATIONS = YES;
				CLANG_WARN_DIRECT_OBJC_ISA_USAGE = YES_ERROR;
				CLANG_WARN_DOCUMENTATION_COMMENTS = YES;
				CLANG_WARN_EMPTY_BODY = YES;
				CLANG_WARN_ENUM_CONVERSION = YES;
				CLANG_WARN_INFINITE_RECURSION = YES;
				CLANG_WARN_INT_CONVERSION = YES;
				CLANG_WARN_NON_LITERAL_NULL_CONVERSION = YES;
				CLANG_WARN_OBJC_IMPLICIT_RETAIN_SELF = YES;
				CLANG_WARN_OBJC_LITERAL_CONVERSION = YES;
				CLANG_WARN_OBJC_ROOT_CLASS = YES_ERROR;
				CLANG_WARN_QUOTED_INCLUDE_IN_FRAMEWORK_HEADER = YES;
				CLANG_WARN_RANGE_LOOP_ANALYSIS = YES;
				CLANG_WARN_STRICT_PROTOTYPES = YES;
				CLANG_WARN_SUSPICIOUS_MOVE = YES;
				CLANG_WARN_UNGUARDED_AVAILABILITY = YES_AGGRESSIVE;
				CLANG_WARN_UNREACHABLE_CODE = YES;
				CLANG_WARN__DUPLICATE_METHOD_MATCH = YES;
				COPY_PHASE_STRIP = NO;
				DEBUG_INFORMATION_FORMAT = "dwarf-with-dsym";
				ENABLE_NS_ASSERTIONS = NO;
				ENABLE_STRICT_OBJC_MSGSEND = YES;
				GCC_C_LANGUAGE_STANDARD = gnu11;
				GCC_NO_COMMON_BLOCKS = YES;
				GCC_WARN_64_TO_32_BIT_CONVERSION = YES;
				GCC_WARN_ABOUT_RETURN_TYPE = YES_ERROR;
				GCC_WARN_UNDECLARED_SELECTOR = YES;
				GCC_WARN_UNINITIALIZED_AUTOS = YES_AGGRESSIVE;
				GCC_WARN_UNUSED_FUNCTION = YES;
				GCC_WARN_UNUSED_VARIABLE = YES;
				IPHONEOS_DEPLOYMENT_TARGET = 14.0;
				MTL_ENABLE_DEBUG_INFO = NO;
				MTL_FAST_MATH = YES;
				SDKROOT = iphoneos;
				SWIFT_COMPILATION_MODE = wholemodule;
				SWIFT_OPTIMIZATION_LEVEL = "-O";
				VALIDATE_PRODUCT = YES;
			};
			name = Release;
		};
		1FA50C4A24AA773F0026577D /* Debug */ = {
			isa = XCBuildConfiguration;
			buildSettings = {
				ASSETCATALOG_COMPILER_APPICON_NAME = AppIcon;
				CODE_SIGN_ENTITLEMENTS = Basement/Basement.entitlements;
				CODE_SIGN_STYLE = Automatic;
				CURRENT_PROJECT_VERSION = 1;
				DEVELOPMENT_TEAM = 3V93A3ACV9;
				INFOPLIST_FILE = "$(SRCROOT)/Basement/Resources/Info.plist";
				IPHONEOS_DEPLOYMENT_TARGET = 13.0;
				LD_RUNPATH_SEARCH_PATHS = (
					"$(inherited)",
					"@executable_path/Frameworks",
				);
				MARKETING_VERSION = 0.9;
				PRODUCT_BUNDLE_IDENTIFIER = com.g30r93g.Basement;
				PRODUCT_NAME = "$(TARGET_NAME)";
				SWIFT_VERSION = 5.0;
				TARGETED_DEVICE_FAMILY = "1,2";
			};
			name = Debug;
		};
		1FA50C4B24AA773F0026577D /* Release */ = {
			isa = XCBuildConfiguration;
			buildSettings = {
				ASSETCATALOG_COMPILER_APPICON_NAME = AppIcon;
				CODE_SIGN_ENTITLEMENTS = Basement/Basement.entitlements;
				CODE_SIGN_STYLE = Automatic;
				CURRENT_PROJECT_VERSION = 1;
				DEVELOPMENT_TEAM = 3V93A3ACV9;
				INFOPLIST_FILE = "$(SRCROOT)/Basement/Resources/Info.plist";
				IPHONEOS_DEPLOYMENT_TARGET = 13.0;
				LD_RUNPATH_SEARCH_PATHS = (
					"$(inherited)",
					"@executable_path/Frameworks",
				);
				MARKETING_VERSION = 0.9;
				PRODUCT_BUNDLE_IDENTIFIER = com.g30r93g.Basement;
				PRODUCT_NAME = "$(TARGET_NAME)";
				SWIFT_VERSION = 5.0;
				TARGETED_DEVICE_FAMILY = "1,2";
			};
			name = Release;
		};
		1FA50C4D24AA773F0026577D /* Debug */ = {
			isa = XCBuildConfiguration;
			buildSettings = {
				ALWAYS_EMBED_SWIFT_STANDARD_LIBRARIES = YES;
				BUNDLE_LOADER = "$(TEST_HOST)";
				CODE_SIGN_STYLE = Automatic;
				DEVELOPMENT_TEAM = 3V93A3ACV9;
				INFOPLIST_FILE = BasementTests/Info.plist;
				IPHONEOS_DEPLOYMENT_TARGET = 14.0;
				LD_RUNPATH_SEARCH_PATHS = (
					"$(inherited)",
					"@executable_path/Frameworks",
					"@loader_path/Frameworks",
				);
				PRODUCT_BUNDLE_IDENTIFIER = com.g30r93g.BasementTests;
				PRODUCT_NAME = "$(TARGET_NAME)";
				SWIFT_VERSION = 5.0;
				TARGETED_DEVICE_FAMILY = "1,2";
				TEST_HOST = "$(BUILT_PRODUCTS_DIR)/Basement.app/Basement";
			};
			name = Debug;
		};
		1FA50C4E24AA773F0026577D /* Release */ = {
			isa = XCBuildConfiguration;
			buildSettings = {
				ALWAYS_EMBED_SWIFT_STANDARD_LIBRARIES = YES;
				BUNDLE_LOADER = "$(TEST_HOST)";
				CODE_SIGN_STYLE = Automatic;
				DEVELOPMENT_TEAM = 3V93A3ACV9;
				INFOPLIST_FILE = BasementTests/Info.plist;
				IPHONEOS_DEPLOYMENT_TARGET = 14.0;
				LD_RUNPATH_SEARCH_PATHS = (
					"$(inherited)",
					"@executable_path/Frameworks",
					"@loader_path/Frameworks",
				);
				PRODUCT_BUNDLE_IDENTIFIER = com.g30r93g.BasementTests;
				PRODUCT_NAME = "$(TARGET_NAME)";
				SWIFT_VERSION = 5.0;
				TARGETED_DEVICE_FAMILY = "1,2";
				TEST_HOST = "$(BUILT_PRODUCTS_DIR)/Basement.app/Basement";
			};
			name = Release;
		};
		1FA50C5024AA773F0026577D /* Debug */ = {
			isa = XCBuildConfiguration;
			buildSettings = {
				ALWAYS_EMBED_SWIFT_STANDARD_LIBRARIES = YES;
				CODE_SIGN_STYLE = Automatic;
				DEVELOPMENT_TEAM = 3V93A3ACV9;
				INFOPLIST_FILE = BasementUITests/Info.plist;
				LD_RUNPATH_SEARCH_PATHS = (
					"$(inherited)",
					"@executable_path/Frameworks",
					"@loader_path/Frameworks",
				);
				PRODUCT_BUNDLE_IDENTIFIER = com.g30r93g.BasementUITests;
				PRODUCT_NAME = "$(TARGET_NAME)";
				SWIFT_VERSION = 5.0;
				TARGETED_DEVICE_FAMILY = "1,2";
				TEST_TARGET_NAME = Basement;
			};
			name = Debug;
		};
		1FA50C5124AA773F0026577D /* Release */ = {
			isa = XCBuildConfiguration;
			buildSettings = {
				ALWAYS_EMBED_SWIFT_STANDARD_LIBRARIES = YES;
				CODE_SIGN_STYLE = Automatic;
				DEVELOPMENT_TEAM = 3V93A3ACV9;
				INFOPLIST_FILE = BasementUITests/Info.plist;
				LD_RUNPATH_SEARCH_PATHS = (
					"$(inherited)",
					"@executable_path/Frameworks",
					"@loader_path/Frameworks",
				);
				PRODUCT_BUNDLE_IDENTIFIER = com.g30r93g.BasementUITests;
				PRODUCT_NAME = "$(TARGET_NAME)";
				SWIFT_VERSION = 5.0;
				TARGETED_DEVICE_FAMILY = "1,2";
				TEST_TARGET_NAME = Basement;
			};
			name = Release;
		};
/* End XCBuildConfiguration section */

/* Begin XCConfigurationList section */
		1FA50C1A24AA773E0026577D /* Build configuration list for PBXProject "Basement" */ = {
			isa = XCConfigurationList;
			buildConfigurations = (
				1FA50C4724AA773F0026577D /* Debug */,
				1FA50C4824AA773F0026577D /* Release */,
			);
			defaultConfigurationIsVisible = 0;
			defaultConfigurationName = Release;
		};
		1FA50C4924AA773F0026577D /* Build configuration list for PBXNativeTarget "Basement" */ = {
			isa = XCConfigurationList;
			buildConfigurations = (
				1FA50C4A24AA773F0026577D /* Debug */,
				1FA50C4B24AA773F0026577D /* Release */,
			);
			defaultConfigurationIsVisible = 0;
			defaultConfigurationName = Release;
		};
		1FA50C4C24AA773F0026577D /* Build configuration list for PBXNativeTarget "BasementTests" */ = {
			isa = XCConfigurationList;
			buildConfigurations = (
				1FA50C4D24AA773F0026577D /* Debug */,
				1FA50C4E24AA773F0026577D /* Release */,
			);
			defaultConfigurationIsVisible = 0;
			defaultConfigurationName = Release;
		};
		1FA50C4F24AA773F0026577D /* Build configuration list for PBXNativeTarget "BasementUITests" */ = {
			isa = XCConfigurationList;
			buildConfigurations = (
				1FA50C5024AA773F0026577D /* Debug */,
				1FA50C5124AA773F0026577D /* Release */,
			);
			defaultConfigurationIsVisible = 0;
			defaultConfigurationName = Release;
		};
/* End XCConfigurationList section */

/* Begin XCRemoteSwiftPackageReference section */
		1F24EF9E24BEE711002D263C /* XCRemoteSwiftPackageReference "SPAlert" */ = {
			isa = XCRemoteSwiftPackageReference;
			repositoryURL = "https://github.com/ivanvorobei/SPAlert.git";
			requirement = {
				branch = master;
				kind = branch;
			};
		};
		1F31321E2548E98C00796C28 /* XCRemoteSwiftPackageReference "SDWebImage" */ = {
			isa = XCRemoteSwiftPackageReference;
			repositoryURL = "https://github.com/SDWebImage/SDWebImage";
			requirement = {
				branch = master;
				kind = branch;
			};
		};
		1F3DB2F824E03B4C001C2F40 /* XCRemoteSwiftPackageReference "PromiseKit" */ = {
			isa = XCRemoteSwiftPackageReference;
			repositoryURL = "https://github.com/mxcl/PromiseKit";
			requirement = {
				branch = master;
				kind = branch;
			};
		};
		1F71D65724BE34D300B353B8 /* XCRemoteSwiftPackageReference "KeychainAccess" */ = {
			isa = XCRemoteSwiftPackageReference;
			repositoryURL = "https://github.com/kishikawakatsumi/KeychainAccess.git";
			requirement = {
				branch = master;
				kind = branch;
			};
		};
		1FCD449124AA7C9700FCB990 /* XCRemoteSwiftPackageReference "MarqueeLabel" */ = {
			isa = XCRemoteSwiftPackageReference;
			repositoryURL = "https://github.com/cbpowell/MarqueeLabel.git";
			requirement = {
				branch = master;
				kind = branch;
			};
		};
		1FCD449424AA7CB900FCB990 /* XCRemoteSwiftPackageReference "KeyboardLayoutGuide" */ = {
			isa = XCRemoteSwiftPackageReference;
			repositoryURL = "https://github.com/freshOS/KeyboardLayoutGuide.git";
			requirement = {
				branch = master;
				kind = branch;
			};
		};
		1FCD878924F15841006A12E5 /* XCRemoteSwiftPackageReference "Amber" */ = {
			isa = XCRemoteSwiftPackageReference;
			repositoryURL = "https://github.com/g30r93g/Amber.git";
			requirement = {
				branch = master;
				kind = branch;
			};
		};
		1FDFA28725311C8900BA77A8 /* XCRemoteSwiftPackageReference "firebase-ios-sdk" */ = {
			isa = XCRemoteSwiftPackageReference;
			repositoryURL = "https://github.com/firebase/firebase-ios-sdk.git";
			requirement = {
				branch = master;
				kind = branch;
			};
		};
/* End XCRemoteSwiftPackageReference section */

/* Begin XCSwiftPackageProductDependency section */
		1F24EF9F24BEE711002D263C /* SPAlert */ = {
			isa = XCSwiftPackageProductDependency;
			package = 1F24EF9E24BEE711002D263C /* XCRemoteSwiftPackageReference "SPAlert" */;
			productName = SPAlert;
		};
		1F31321F2548E98D00796C28 /* SDWebImage */ = {
			isa = XCSwiftPackageProductDependency;
			package = 1F31321E2548E98C00796C28 /* XCRemoteSwiftPackageReference "SDWebImage" */;
			productName = SDWebImage;
		};
		1F3573DA25464AAF00F02B9E /* FirebaseFirestoreSwift-Beta */ = {
			isa = XCSwiftPackageProductDependency;
			package = 1FDFA28725311C8900BA77A8 /* XCRemoteSwiftPackageReference "firebase-ios-sdk" */;
			productName = "FirebaseFirestoreSwift-Beta";
		};
		1F3573DC25464AAF00F02B9E /* FirebaseStorageSwift-Beta */ = {
			isa = XCSwiftPackageProductDependency;
			package = 1FDFA28725311C8900BA77A8 /* XCRemoteSwiftPackageReference "firebase-ios-sdk" */;
			productName = "FirebaseStorageSwift-Beta";
		};
		1F3DB2F924E03B4C001C2F40 /* PromiseKit */ = {
			isa = XCSwiftPackageProductDependency;
			package = 1F3DB2F824E03B4C001C2F40 /* XCRemoteSwiftPackageReference "PromiseKit" */;
			productName = PromiseKit;
		};
		1F71D65824BE34D300B353B8 /* KeychainAccess */ = {
			isa = XCSwiftPackageProductDependency;
			package = 1F71D65724BE34D300B353B8 /* XCRemoteSwiftPackageReference "KeychainAccess" */;
			productName = KeychainAccess;
		};
		1FCD449224AA7C9700FCB990 /* MarqueeLabel */ = {
			isa = XCSwiftPackageProductDependency;
			package = 1FCD449124AA7C9700FCB990 /* XCRemoteSwiftPackageReference "MarqueeLabel" */;
			productName = MarqueeLabel;
		};
		1FCD449524AA7CB900FCB990 /* KeyboardLayoutGuide */ = {
			isa = XCSwiftPackageProductDependency;
			package = 1FCD449424AA7CB900FCB990 /* XCRemoteSwiftPackageReference "KeyboardLayoutGuide" */;
			productName = KeyboardLayoutGuide;
		};
		1FCD878A24F15841006A12E5 /* Amber */ = {
			isa = XCSwiftPackageProductDependency;
			package = 1FCD878924F15841006A12E5 /* XCRemoteSwiftPackageReference "Amber" */;
			productName = Amber;
		};
		1FDFA28825311C8900BA77A8 /* FirebaseFirestore */ = {
			isa = XCSwiftPackageProductDependency;
			package = 1FDFA28725311C8900BA77A8 /* XCRemoteSwiftPackageReference "firebase-ios-sdk" */;
			productName = FirebaseFirestore;
		};
		1FDFA28C25311C8900BA77A8 /* FirebaseStorage */ = {
			isa = XCSwiftPackageProductDependency;
			package = 1FDFA28725311C8900BA77A8 /* XCRemoteSwiftPackageReference "firebase-ios-sdk" */;
			productName = FirebaseStorage;
		};
		1FDFA28E25311C8900BA77A8 /* FirebaseFunctions */ = {
			isa = XCSwiftPackageProductDependency;
			package = 1FDFA28725311C8900BA77A8 /* XCRemoteSwiftPackageReference "firebase-ios-sdk" */;
			productName = FirebaseFunctions;
		};
		1FDFA29025311C8900BA77A8 /* FirebaseAuth */ = {
			isa = XCSwiftPackageProductDependency;
			package = 1FDFA28725311C8900BA77A8 /* XCRemoteSwiftPackageReference "firebase-ios-sdk" */;
			productName = FirebaseAuth;
		};
		1FDFA29425311C8900BA77A8 /* FirebaseMessaging */ = {
			isa = XCSwiftPackageProductDependency;
			package = 1FDFA28725311C8900BA77A8 /* XCRemoteSwiftPackageReference "firebase-ios-sdk" */;
			productName = FirebaseMessaging;
		};
/* End XCSwiftPackageProductDependency section */
	};
	rootObject = 1FA50C1724AA773E0026577D /* Project object */;
}
