// !$*UTF8*$!
{
	archiveVersion = 1;
	classes = {
	};
	objectVersion = 52;
	objects = {

/* Begin PBXBuildFile section */
		1F24EFA024BEE711002D263C /* SPAlert in Frameworks */ = {isa = PBXBuildFile; productRef = 1F24EF9F24BEE711002D263C /* SPAlert */; };
		1F2CFC5124BF7153009FDD3A /* TimeInterval.swift in Sources */ = {isa = PBXBuildFile; fileRef = 1F2CFC5024BF7153009FDD3A /* TimeInterval.swift */; };
		1F3DB2FA24E03B4C001C2F40 /* PromiseKit in Frameworks */ = {isa = PBXBuildFile; productRef = 1F3DB2F924E03B4C001C2F40 /* PromiseKit */; };
		1F5ABF2924BDD97600E03C0B /* LeftImageTextField.swift in Sources */ = {isa = PBXBuildFile; fileRef = 1F5ABEDA24BDD97600E03C0B /* LeftImageTextField.swift */; };
		1F5ABF2A24BDD97600E03C0B /* Assets.xcassets in Resources */ = {isa = PBXBuildFile; fileRef = 1F5ABEDB24BDD97600E03C0B /* Assets.xcassets */; };
		1F5ABF2B24BDD97600E03C0B /* ShadowButton.swift in Sources */ = {isa = PBXBuildFile; fileRef = 1F5ABEDC24BDD97600E03C0B /* ShadowButton.swift */; };
		1F5ABF2C24BDD97600E03C0B /* Presentable.swift in Sources */ = {isa = PBXBuildFile; fileRef = 1F5ABEDD24BDD97600E03C0B /* Presentable.swift */; };
		1F5ABF2D24BDD97600E03C0B /* LaunchScreen.storyboard in Resources */ = {isa = PBXBuildFile; fileRef = 1F5ABEDE24BDD97600E03C0B /* LaunchScreen.storyboard */; };
		1F5ABF2E24BDD97600E03C0B /* ShadowImage.swift in Sources */ = {isa = PBXBuildFile; fileRef = 1F5ABEE024BDD97600E03C0B /* ShadowImage.swift */; };
		1F5ABF2F24BDD97600E03C0B /* Round.swift in Sources */ = {isa = PBXBuildFile; fileRef = 1F5ABEE124BDD97600E03C0B /* Round.swift */; };
		1F5ABF3024BDD97600E03C0B /* LoadingButton.swift in Sources */ = {isa = PBXBuildFile; fileRef = 1F5ABEE224BDD97600E03C0B /* LoadingButton.swift */; };
		1F5ABF3324BDD97600E03C0B /* Music.swift in Sources */ = {isa = PBXBuildFile; fileRef = 1F5ABEE624BDD97600E03C0B /* Music.swift */; };
		1F5ABF3424BDD97600E03C0B /* StreamingPlatform.swift in Sources */ = {isa = PBXBuildFile; fileRef = 1F5ABEE724BDD97600E03C0B /* StreamingPlatform.swift */; };
		1F5ABF3524BDD97600E03C0B /* GoogleService-Info.plist in Resources */ = {isa = PBXBuildFile; fileRef = 1F5ABEE824BDD97600E03C0B /* GoogleService-Info.plist */; };
		1F5ABF3624BDD97600E03C0B /* Date.swift in Sources */ = {isa = PBXBuildFile; fileRef = 1F5ABEEA24BDD97600E03C0B /* Date.swift */; };
		1F5ABF3724BDD97600E03C0B /* UIView.swift in Sources */ = {isa = PBXBuildFile; fileRef = 1F5ABEEB24BDD97600E03C0B /* UIView.swift */; };
		1F5ABF3824BDD97600E03C0B /* Array.swift in Sources */ = {isa = PBXBuildFile; fileRef = 1F5ABEEC24BDD97600E03C0B /* Array.swift */; };
		1F5ABF3924BDD97600E03C0B /* UIColor.swift in Sources */ = {isa = PBXBuildFile; fileRef = 1F5ABEED24BDD97600E03C0B /* UIColor.swift */; };
		1F5ABF3A24BDD97600E03C0B /* Integer.swift in Sources */ = {isa = PBXBuildFile; fileRef = 1F5ABEEE24BDD97600E03C0B /* Integer.swift */; };
		1F5ABF3B24BDD97600E03C0B /* UITableView.swift in Sources */ = {isa = PBXBuildFile; fileRef = 1F5ABEEF24BDD97600E03C0B /* UITableView.swift */; };
		1F5ABF3C24BDD97600E03C0B /* AVRoutePickerView.swift in Sources */ = {isa = PBXBuildFile; fileRef = 1F5ABEF024BDD97600E03C0B /* AVRoutePickerView.swift */; };
		1F5ABF3D24BDD97600E03C0B /* String.swift in Sources */ = {isa = PBXBuildFile; fileRef = 1F5ABEF124BDD97600E03C0B /* String.swift */; };
		1F5ABF3E24BDD97600E03C0B /* UIImage.swift in Sources */ = {isa = PBXBuildFile; fileRef = 1F5ABEF224BDD97600E03C0B /* UIImage.swift */; };
		1F5ABF3F24BDD97600E03C0B /* UIApplication.swift in Sources */ = {isa = PBXBuildFile; fileRef = 1F5ABEF324BDD97600E03C0B /* UIApplication.swift */; };
		1F5ABF4024BDD97600E03C0B /* SpotifyAPI.swift in Sources */ = {isa = PBXBuildFile; fileRef = 1F5ABEF624BDD97600E03C0B /* SpotifyAPI.swift */; };
		1F5ABF4124BDD97600E03C0B /* Firebase.swift in Sources */ = {isa = PBXBuildFile; fileRef = 1F5ABEF724BDD97600E03C0B /* Firebase.swift */; };
		1F5ABF4224BDD97600E03C0B /* PlaybackManager.swift in Sources */ = {isa = PBXBuildFile; fileRef = 1F5ABEF824BDD97600E03C0B /* PlaybackManager.swift */; };
		1F5ABF4324BDD97600E03C0B /* SessionManager.swift in Sources */ = {isa = PBXBuildFile; fileRef = 1F5ABEF924BDD97600E03C0B /* SessionManager.swift */; };
		1F5ABF4424BDD97600E03C0B /* AppleMusicAPI.swift in Sources */ = {isa = PBXBuildFile; fileRef = 1F5ABEFA24BDD97600E03C0B /* AppleMusicAPI.swift */; };
		1F5ABF4524BDD97600E03C0B /* AppDelegate.swift in Sources */ = {isa = PBXBuildFile; fileRef = 1F5ABEFB24BDD97600E03C0B /* AppDelegate.swift */; };
		1F5ABF4624BDD97600E03C0B /* MusicCarouselCell.swift in Sources */ = {isa = PBXBuildFile; fileRef = 1F5ABEFE24BDD97600E03C0B /* MusicCarouselCell.swift */; };
		1F5ABF4724BDD97600E03C0B /* FriendCell.swift in Sources */ = {isa = PBXBuildFile; fileRef = 1F5ABEFF24BDD97600E03C0B /* FriendCell.swift */; };
		1F5ABF4824BDD97600E03C0B /* MatchingContentCell.swift in Sources */ = {isa = PBXBuildFile; fileRef = 1F5ABF0024BDD97600E03C0B /* MatchingContentCell.swift */; };
		1F5ABF4924BDD97600E03C0B /* ContentCell.swift in Sources */ = {isa = PBXBuildFile; fileRef = 1F5ABF0124BDD97600E03C0B /* ContentCell.swift */; };
		1F5ABF4A24BDD97600E03C0B /* ContentOverviewCell.swift in Sources */ = {isa = PBXBuildFile; fileRef = 1F5ABF0224BDD97600E03C0B /* ContentOverviewCell.swift */; };
		1F5ABF4B24BDD97600E03C0B /* NowPlayingViewController.swift in Sources */ = {isa = PBXBuildFile; fileRef = 1F5ABF0524BDD97600E03C0B /* NowPlayingViewController.swift */; };
		1F5ABF4C24BDD97600E03C0B /* QueueViewController.swift in Sources */ = {isa = PBXBuildFile; fileRef = 1F5ABF0624BDD97600E03C0B /* QueueViewController.swift */; };
		1F5ABF4D24BDD97600E03C0B /* NowPlaying.storyboard in Resources */ = {isa = PBXBuildFile; fileRef = 1F5ABF0724BDD97600E03C0B /* NowPlaying.storyboard */; };
		1F5ABF4E24BDD97600E03C0B /* ContentViewController.swift in Sources */ = {isa = PBXBuildFile; fileRef = 1F5ABF0824BDD97600E03C0B /* ContentViewController.swift */; };
		1F5ABF4F24BDD97600E03C0B /* SearchViewController.swift in Sources */ = {isa = PBXBuildFile; fileRef = 1F5ABF0924BDD97600E03C0B /* SearchViewController.swift */; };
		1F5ABF5024BDD97600E03C0B /* ChooseFriendsViewController.swift in Sources */ = {isa = PBXBuildFile; fileRef = 1F5ABF0B24BDD97600E03C0B /* ChooseFriendsViewController.swift */; };
		1F5ABF5124BDD97600E03C0B /* ChooseContentViewController.swift in Sources */ = {isa = PBXBuildFile; fileRef = 1F5ABF0C24BDD97600E03C0B /* ChooseContentViewController.swift */; };
		1F5ABF5224BDD97600E03C0B /* NewSession.storyboard in Resources */ = {isa = PBXBuildFile; fileRef = 1F5ABF0D24BDD97600E03C0B /* NewSession.storyboard */; };
		1F5ABF5324BDD97600E03C0B /* ChooseSessionContentViewController.swift in Sources */ = {isa = PBXBuildFile; fileRef = 1F5ABF0E24BDD97600E03C0B /* ChooseSessionContentViewController.swift */; };
		1F5ABF5424BDD97600E03C0B /* SetupSessionConstraintsViewController.swift in Sources */ = {isa = PBXBuildFile; fileRef = 1F5ABF0F24BDD97600E03C0B /* SetupSessionConstraintsViewController.swift */; };
		1F5ABF5524BDD97600E03C0B /* HomeViewController.swift in Sources */ = {isa = PBXBuildFile; fileRef = 1F5ABF1024BDD97600E03C0B /* HomeViewController.swift */; };
		1F5ABF5624BDD97600E03C0B /* Main.storyboard in Resources */ = {isa = PBXBuildFile; fileRef = 1F5ABF1124BDD97600E03C0B /* Main.storyboard */; };
		1F5ABF5724BDD97600E03C0B /* ProfileEditorViewController.swift in Sources */ = {isa = PBXBuildFile; fileRef = 1F5ABF1224BDD97600E03C0B /* ProfileEditorViewController.swift */; };
		1F5ABF5824BDD97600E03C0B /* ProfileViewController.swift in Sources */ = {isa = PBXBuildFile; fileRef = 1F5ABF1324BDD97600E03C0B /* ProfileViewController.swift */; };
		1F5ABF5924BDD97600E03C0B /* Authentication.storyboard in Resources */ = {isa = PBXBuildFile; fileRef = 1F5ABF1524BDD97600E03C0B /* Authentication.storyboard */; };
		1F5ABF5A24BDD97600E03C0B /* LinkMusicServicesViewController.swift in Sources */ = {isa = PBXBuildFile; fileRef = 1F5ABF1624BDD97600E03C0B /* LinkMusicServicesViewController.swift */; };
		1F5ABF5B24BDD97600E03C0B /* AddFriendsViewController.swift in Sources */ = {isa = PBXBuildFile; fileRef = 1F5ABF1724BDD97600E03C0B /* AddFriendsViewController.swift */; };
		1F5ABF5C24BDD97600E03C0B /* CreateAccountViewController.swift in Sources */ = {isa = PBXBuildFile; fileRef = 1F5ABF1824BDD97600E03C0B /* CreateAccountViewController.swift */; };
		1F5ABF5D24BDD97600E03C0B /* SignInViewController.swift in Sources */ = {isa = PBXBuildFile; fileRef = 1F5ABF1924BDD97600E03C0B /* SignInViewController.swift */; };
		1F5ABF5E24BDD97600E03C0B /* FriendCollectionCell.swift in Sources */ = {isa = PBXBuildFile; fileRef = 1F5ABF1B24BDD97600E03C0B /* FriendCollectionCell.swift */; };
		1F5ABF5F24BDD97600E03C0B /* ContentSelectionCell.swift in Sources */ = {isa = PBXBuildFile; fileRef = 1F5ABF1C24BDD97600E03C0B /* ContentSelectionCell.swift */; };
		1F5ABF6024BDD97600E03C0B /* AddContentCell.swift in Sources */ = {isa = PBXBuildFile; fileRef = 1F5ABF1D24BDD97600E03C0B /* AddContentCell.swift */; };
		1F5ABF6124BDD97600E03C0B /* MusicContentCell.swift in Sources */ = {isa = PBXBuildFile; fileRef = 1F5ABF1E24BDD97600E03C0B /* MusicContentCell.swift */; };
		1F5ABF6224BDD97600E03C0B /* SignInWithAppleButton.swift in Sources */ = {isa = PBXBuildFile; fileRef = 1F5ABF2024BDD97600E03C0B /* SignInWithAppleButton.swift */; };
		1F5ABF6324BDD97600E03C0B /* AVRoutePickerViewButton.swift in Sources */ = {isa = PBXBuildFile; fileRef = 1F5ABF2124BDD97600E03C0B /* AVRoutePickerViewButton.swift */; };
		1F5ABF6424BDD97600E03C0B /* MiniPlayerView.xib in Resources */ = {isa = PBXBuildFile; fileRef = 1F5ABF2324BDD97600E03C0B /* MiniPlayerView.xib */; };
		1F5ABF6524BDD97600E03C0B /* BasementTabBar.swift in Sources */ = {isa = PBXBuildFile; fileRef = 1F5ABF2424BDD97600E03C0B /* BasementTabBar.swift */; };
		1F5ABF6624BDD97600E03C0B /* MiniPlayerView.swift in Sources */ = {isa = PBXBuildFile; fileRef = 1F5ABF2524BDD97600E03C0B /* MiniPlayerView.swift */; };
		1F5ABF6724BDD97600E03C0B /* BestMatchCell.swift in Sources */ = {isa = PBXBuildFile; fileRef = 1F5ABF2724BDD97600E03C0B /* BestMatchCell.swift */; };
		1F5ABF6824BDD97600E03C0B /* SceneDelegate.swift in Sources */ = {isa = PBXBuildFile; fileRef = 1F5ABF2824BDD97600E03C0B /* SceneDelegate.swift */; };
		1F5B005D24BDDD38003410B0 /* Amber in Frameworks */ = {isa = PBXBuildFile; productRef = 1F5B005C24BDDD38003410B0 /* Amber */; };
		1F5D077924D17F29004FF719 /* Retry in Frameworks */ = {isa = PBXBuildFile; productRef = 1F5D077824D17F29004FF719 /* Retry */; };
		1F71D65924BE34D300B353B8 /* KeychainAccess in Frameworks */ = {isa = PBXBuildFile; productRef = 1F71D65824BE34D300B353B8 /* KeychainAccess */; };
		1F71D65B24BE38DF00B353B8 /* KeychainManager.swift in Sources */ = {isa = PBXBuildFile; fileRef = 1F71D65A24BE38DF00B353B8 /* KeychainManager.swift */; };
		1FA50C3A24AA773F0026577D /* BasementTests.swift in Sources */ = {isa = PBXBuildFile; fileRef = 1FA50C3924AA773F0026577D /* BasementTests.swift */; };
		1FA50C4524AA773F0026577D /* BasementUITests.swift in Sources */ = {isa = PBXBuildFile; fileRef = 1FA50C4424AA773F0026577D /* BasementUITests.swift */; };
		1FCD448D24AA7C4F00FCB990 /* CodableFirebase in Frameworks */ = {isa = PBXBuildFile; productRef = 1FCD448C24AA7C4F00FCB990 /* CodableFirebase */; };
		1FCD449324AA7C9700FCB990 /* MarqueeLabel in Frameworks */ = {isa = PBXBuildFile; productRef = 1FCD449224AA7C9700FCB990 /* MarqueeLabel */; };
		1FCD449624AA7CB900FCB990 /* KeyboardLayoutGuide in Frameworks */ = {isa = PBXBuildFile; productRef = 1FCD449524AA7CB900FCB990 /* KeyboardLayoutGuide */; };
		1FCD449F24AA7D4000FCB990 /* AuthenticationServices.framework in Frameworks */ = {isa = PBXBuildFile; fileRef = 1FCD449E24AA7D4000FCB990 /* AuthenticationServices.framework */; };
		1FDAC8A524AE2307004F7533 /* SpotifyiOS.framework in Frameworks */ = {isa = PBXBuildFile; fileRef = 1FDAC8A424AE2307004F7533 /* SpotifyiOS.framework */; };
		88CCF8371007811AF7C31DC5 /* Pods_BasementTests.framework in Frameworks */ = {isa = PBXBuildFile; fileRef = 209C2F261C549D6AEF373A5E /* Pods_BasementTests.framework */; };
		A2D1597FDCBE9EFC23B1EAA4 /* Pods_Basement.framework in Frameworks */ = {isa = PBXBuildFile; fileRef = 0EAFBCC4BB1DA39883CFE32F /* Pods_Basement.framework */; };
		FDC57A1D66F75623B694CE15 /* Pods_Basement_BasementUITests.framework in Frameworks */ = {isa = PBXBuildFile; fileRef = BEE02BE8FB33C13C0865F31F /* Pods_Basement_BasementUITests.framework */; };
/* End PBXBuildFile section */

/* Begin PBXContainerItemProxy section */
		1FA50C3624AA773F0026577D /* PBXContainerItemProxy */ = {
			isa = PBXContainerItemProxy;
			containerPortal = 1FA50C1724AA773E0026577D /* Project object */;
			proxyType = 1;
			remoteGlobalIDString = 1FA50C1E24AA773E0026577D;
			remoteInfo = Basement;
		};
		1FA50C4124AA773F0026577D /* PBXContainerItemProxy */ = {
			isa = PBXContainerItemProxy;
			containerPortal = 1FA50C1724AA773E0026577D /* Project object */;
			proxyType = 1;
			remoteGlobalIDString = 1FA50C1E24AA773E0026577D;
			remoteInfo = Basement;
		};
/* End PBXContainerItemProxy section */

/* Begin PBXFileReference section */
		0EAFBCC4BB1DA39883CFE32F /* Pods_Basement.framework */ = {isa = PBXFileReference; explicitFileType = wrapper.framework; includeInIndex = 0; path = Pods_Basement.framework; sourceTree = BUILT_PRODUCTS_DIR; };
		1F2CFC5024BF7153009FDD3A /* TimeInterval.swift */ = {isa = PBXFileReference; lastKnownFileType = sourcecode.swift; path = TimeInterval.swift; sourceTree = "<group>"; };
		1F5ABED824BDD97600E03C0B /* Basement-Bridging-Header.h */ = {isa = PBXFileReference; fileEncoding = 4; lastKnownFileType = sourcecode.c.h; path = "Basement-Bridging-Header.h"; sourceTree = "<group>"; };
		1F5ABEDA24BDD97600E03C0B /* LeftImageTextField.swift */ = {isa = PBXFileReference; fileEncoding = 4; lastKnownFileType = sourcecode.swift; path = LeftImageTextField.swift; sourceTree = "<group>"; };
		1F5ABEDB24BDD97600E03C0B /* Assets.xcassets */ = {isa = PBXFileReference; lastKnownFileType = folder.assetcatalog; path = Assets.xcassets; sourceTree = "<group>"; };
		1F5ABEDC24BDD97600E03C0B /* ShadowButton.swift */ = {isa = PBXFileReference; fileEncoding = 4; lastKnownFileType = sourcecode.swift; path = ShadowButton.swift; sourceTree = "<group>"; };
		1F5ABEDD24BDD97600E03C0B /* Presentable.swift */ = {isa = PBXFileReference; fileEncoding = 4; lastKnownFileType = sourcecode.swift; path = Presentable.swift; sourceTree = "<group>"; };
		1F5ABEDF24BDD97600E03C0B /* Base */ = {isa = PBXFileReference; lastKnownFileType = file.storyboard; name = Base; path = Base.lproj/LaunchScreen.storyboard; sourceTree = "<group>"; };
		1F5ABEE024BDD97600E03C0B /* ShadowImage.swift */ = {isa = PBXFileReference; fileEncoding = 4; lastKnownFileType = sourcecode.swift; path = ShadowImage.swift; sourceTree = "<group>"; };
		1F5ABEE124BDD97600E03C0B /* Round.swift */ = {isa = PBXFileReference; fileEncoding = 4; lastKnownFileType = sourcecode.swift; path = Round.swift; sourceTree = "<group>"; };
		1F5ABEE224BDD97600E03C0B /* LoadingButton.swift */ = {isa = PBXFileReference; fileEncoding = 4; lastKnownFileType = sourcecode.swift; path = LoadingButton.swift; sourceTree = "<group>"; };
		1F5ABEE324BDD97600E03C0B /* SpotifyiOS.framework */ = {isa = PBXFileReference; lastKnownFileType = wrapper.framework; path = SpotifyiOS.framework; sourceTree = "<group>"; };
		1F5ABEE424BDD97600E03C0B /* Info.plist */ = {isa = PBXFileReference; fileEncoding = 4; lastKnownFileType = text.plist.xml; path = Info.plist; sourceTree = "<group>"; };
		1F5ABEE624BDD97600E03C0B /* Music.swift */ = {isa = PBXFileReference; fileEncoding = 4; lastKnownFileType = sourcecode.swift; path = Music.swift; sourceTree = "<group>"; };
		1F5ABEE724BDD97600E03C0B /* StreamingPlatform.swift */ = {isa = PBXFileReference; fileEncoding = 4; lastKnownFileType = sourcecode.swift; path = StreamingPlatform.swift; sourceTree = "<group>"; };
		1F5ABEE824BDD97600E03C0B /* GoogleService-Info.plist */ = {isa = PBXFileReference; fileEncoding = 4; lastKnownFileType = text.plist.xml; path = "GoogleService-Info.plist"; sourceTree = "<group>"; };
		1F5ABEEA24BDD97600E03C0B /* Date.swift */ = {isa = PBXFileReference; fileEncoding = 4; lastKnownFileType = sourcecode.swift; path = Date.swift; sourceTree = "<group>"; };
		1F5ABEEB24BDD97600E03C0B /* UIView.swift */ = {isa = PBXFileReference; fileEncoding = 4; lastKnownFileType = sourcecode.swift; path = UIView.swift; sourceTree = "<group>"; };
		1F5ABEEC24BDD97600E03C0B /* Array.swift */ = {isa = PBXFileReference; fileEncoding = 4; lastKnownFileType = sourcecode.swift; path = Array.swift; sourceTree = "<group>"; };
		1F5ABEED24BDD97600E03C0B /* UIColor.swift */ = {isa = PBXFileReference; fileEncoding = 4; lastKnownFileType = sourcecode.swift; path = UIColor.swift; sourceTree = "<group>"; };
		1F5ABEEE24BDD97600E03C0B /* Integer.swift */ = {isa = PBXFileReference; fileEncoding = 4; lastKnownFileType = sourcecode.swift; path = Integer.swift; sourceTree = "<group>"; };
		1F5ABEEF24BDD97600E03C0B /* UITableView.swift */ = {isa = PBXFileReference; fileEncoding = 4; lastKnownFileType = sourcecode.swift; path = UITableView.swift; sourceTree = "<group>"; };
		1F5ABEF024BDD97600E03C0B /* AVRoutePickerView.swift */ = {isa = PBXFileReference; fileEncoding = 4; lastKnownFileType = sourcecode.swift; path = AVRoutePickerView.swift; sourceTree = "<group>"; };
		1F5ABEF124BDD97600E03C0B /* String.swift */ = {isa = PBXFileReference; fileEncoding = 4; lastKnownFileType = sourcecode.swift; path = String.swift; sourceTree = "<group>"; };
		1F5ABEF224BDD97600E03C0B /* UIImage.swift */ = {isa = PBXFileReference; fileEncoding = 4; lastKnownFileType = sourcecode.swift; path = UIImage.swift; sourceTree = "<group>"; };
		1F5ABEF324BDD97600E03C0B /* UIApplication.swift */ = {isa = PBXFileReference; fileEncoding = 4; lastKnownFileType = sourcecode.swift; path = UIApplication.swift; sourceTree = "<group>"; };
		1F5ABEF424BDD97600E03C0B /* Basement.entitlements */ = {isa = PBXFileReference; fileEncoding = 4; lastKnownFileType = text.plist.entitlements; path = Basement.entitlements; sourceTree = "<group>"; };
		1F5ABEF624BDD97600E03C0B /* SpotifyAPI.swift */ = {isa = PBXFileReference; fileEncoding = 4; lastKnownFileType = sourcecode.swift; path = SpotifyAPI.swift; sourceTree = "<group>"; };
		1F5ABEF724BDD97600E03C0B /* Firebase.swift */ = {isa = PBXFileReference; fileEncoding = 4; lastKnownFileType = sourcecode.swift; path = Firebase.swift; sourceTree = "<group>"; };
		1F5ABEF824BDD97600E03C0B /* PlaybackManager.swift */ = {isa = PBXFileReference; fileEncoding = 4; lastKnownFileType = sourcecode.swift; path = PlaybackManager.swift; sourceTree = "<group>"; };
		1F5ABEF924BDD97600E03C0B /* SessionManager.swift */ = {isa = PBXFileReference; fileEncoding = 4; lastKnownFileType = sourcecode.swift; path = SessionManager.swift; sourceTree = "<group>"; };
		1F5ABEFA24BDD97600E03C0B /* AppleMusicAPI.swift */ = {isa = PBXFileReference; fileEncoding = 4; lastKnownFileType = sourcecode.swift; path = AppleMusicAPI.swift; sourceTree = "<group>"; };
		1F5ABEFB24BDD97600E03C0B /* AppDelegate.swift */ = {isa = PBXFileReference; fileEncoding = 4; lastKnownFileType = sourcecode.swift; path = AppDelegate.swift; sourceTree = "<group>"; };
		1F5ABEFE24BDD97600E03C0B /* MusicCarouselCell.swift */ = {isa = PBXFileReference; fileEncoding = 4; lastKnownFileType = sourcecode.swift; path = MusicCarouselCell.swift; sourceTree = "<group>"; };
		1F5ABEFF24BDD97600E03C0B /* FriendCell.swift */ = {isa = PBXFileReference; fileEncoding = 4; lastKnownFileType = sourcecode.swift; path = FriendCell.swift; sourceTree = "<group>"; };
		1F5ABF0024BDD97600E03C0B /* MatchingContentCell.swift */ = {isa = PBXFileReference; fileEncoding = 4; lastKnownFileType = sourcecode.swift; path = MatchingContentCell.swift; sourceTree = "<group>"; };
		1F5ABF0124BDD97600E03C0B /* ContentCell.swift */ = {isa = PBXFileReference; fileEncoding = 4; lastKnownFileType = sourcecode.swift; path = ContentCell.swift; sourceTree = "<group>"; };
		1F5ABF0224BDD97600E03C0B /* ContentOverviewCell.swift */ = {isa = PBXFileReference; fileEncoding = 4; lastKnownFileType = sourcecode.swift; path = ContentOverviewCell.swift; sourceTree = "<group>"; };
		1F5ABF0524BDD97600E03C0B /* NowPlayingViewController.swift */ = {isa = PBXFileReference; fileEncoding = 4; lastKnownFileType = sourcecode.swift; path = NowPlayingViewController.swift; sourceTree = "<group>"; };
		1F5ABF0624BDD97600E03C0B /* QueueViewController.swift */ = {isa = PBXFileReference; fileEncoding = 4; lastKnownFileType = sourcecode.swift; path = QueueViewController.swift; sourceTree = "<group>"; };
		1F5ABF0724BDD97600E03C0B /* NowPlaying.storyboard */ = {isa = PBXFileReference; fileEncoding = 4; lastKnownFileType = file.storyboard; path = NowPlaying.storyboard; sourceTree = "<group>"; };
		1F5ABF0824BDD97600E03C0B /* ContentViewController.swift */ = {isa = PBXFileReference; fileEncoding = 4; lastKnownFileType = sourcecode.swift; path = ContentViewController.swift; sourceTree = "<group>"; };
		1F5ABF0924BDD97600E03C0B /* SearchViewController.swift */ = {isa = PBXFileReference; fileEncoding = 4; lastKnownFileType = sourcecode.swift; path = SearchViewController.swift; sourceTree = "<group>"; };
		1F5ABF0B24BDD97600E03C0B /* ChooseFriendsViewController.swift */ = {isa = PBXFileReference; fileEncoding = 4; lastKnownFileType = sourcecode.swift; path = ChooseFriendsViewController.swift; sourceTree = "<group>"; };
		1F5ABF0C24BDD97600E03C0B /* ChooseContentViewController.swift */ = {isa = PBXFileReference; fileEncoding = 4; lastKnownFileType = sourcecode.swift; path = ChooseContentViewController.swift; sourceTree = "<group>"; };
		1F5ABF0D24BDD97600E03C0B /* NewSession.storyboard */ = {isa = PBXFileReference; fileEncoding = 4; lastKnownFileType = file.storyboard; path = NewSession.storyboard; sourceTree = "<group>"; };
		1F5ABF0E24BDD97600E03C0B /* ChooseSessionContentViewController.swift */ = {isa = PBXFileReference; fileEncoding = 4; lastKnownFileType = sourcecode.swift; path = ChooseSessionContentViewController.swift; sourceTree = "<group>"; };
		1F5ABF0F24BDD97600E03C0B /* SetupSessionConstraintsViewController.swift */ = {isa = PBXFileReference; fileEncoding = 4; lastKnownFileType = sourcecode.swift; path = SetupSessionConstraintsViewController.swift; sourceTree = "<group>"; };
		1F5ABF1024BDD97600E03C0B /* HomeViewController.swift */ = {isa = PBXFileReference; fileEncoding = 4; lastKnownFileType = sourcecode.swift; path = HomeViewController.swift; sourceTree = "<group>"; };
		1F5ABF1124BDD97600E03C0B /* Main.storyboard */ = {isa = PBXFileReference; fileEncoding = 4; lastKnownFileType = file.storyboard; path = Main.storyboard; sourceTree = "<group>"; };
		1F5ABF1224BDD97600E03C0B /* ProfileEditorViewController.swift */ = {isa = PBXFileReference; fileEncoding = 4; lastKnownFileType = sourcecode.swift; path = ProfileEditorViewController.swift; sourceTree = "<group>"; };
		1F5ABF1324BDD97600E03C0B /* ProfileViewController.swift */ = {isa = PBXFileReference; fileEncoding = 4; lastKnownFileType = sourcecode.swift; path = ProfileViewController.swift; sourceTree = "<group>"; };
		1F5ABF1524BDD97600E03C0B /* Authentication.storyboard */ = {isa = PBXFileReference; fileEncoding = 4; lastKnownFileType = file.storyboard; path = Authentication.storyboard; sourceTree = "<group>"; };
		1F5ABF1624BDD97600E03C0B /* LinkMusicServicesViewController.swift */ = {isa = PBXFileReference; fileEncoding = 4; lastKnownFileType = sourcecode.swift; path = LinkMusicServicesViewController.swift; sourceTree = "<group>"; };
		1F5ABF1724BDD97600E03C0B /* AddFriendsViewController.swift */ = {isa = PBXFileReference; fileEncoding = 4; lastKnownFileType = sourcecode.swift; path = AddFriendsViewController.swift; sourceTree = "<group>"; };
		1F5ABF1824BDD97600E03C0B /* CreateAccountViewController.swift */ = {isa = PBXFileReference; fileEncoding = 4; lastKnownFileType = sourcecode.swift; path = CreateAccountViewController.swift; sourceTree = "<group>"; };
		1F5ABF1924BDD97600E03C0B /* SignInViewController.swift */ = {isa = PBXFileReference; fileEncoding = 4; lastKnownFileType = sourcecode.swift; path = SignInViewController.swift; sourceTree = "<group>"; };
		1F5ABF1B24BDD97600E03C0B /* FriendCollectionCell.swift */ = {isa = PBXFileReference; fileEncoding = 4; lastKnownFileType = sourcecode.swift; path = FriendCollectionCell.swift; sourceTree = "<group>"; };
		1F5ABF1C24BDD97600E03C0B /* ContentSelectionCell.swift */ = {isa = PBXFileReference; fileEncoding = 4; lastKnownFileType = sourcecode.swift; path = ContentSelectionCell.swift; sourceTree = "<group>"; };
		1F5ABF1D24BDD97600E03C0B /* AddContentCell.swift */ = {isa = PBXFileReference; fileEncoding = 4; lastKnownFileType = sourcecode.swift; path = AddContentCell.swift; sourceTree = "<group>"; };
		1F5ABF1E24BDD97600E03C0B /* MusicContentCell.swift */ = {isa = PBXFileReference; fileEncoding = 4; lastKnownFileType = sourcecode.swift; path = MusicContentCell.swift; sourceTree = "<group>"; };
		1F5ABF2024BDD97600E03C0B /* SignInWithAppleButton.swift */ = {isa = PBXFileReference; fileEncoding = 4; lastKnownFileType = sourcecode.swift; path = SignInWithAppleButton.swift; sourceTree = "<group>"; };
		1F5ABF2124BDD97600E03C0B /* AVRoutePickerViewButton.swift */ = {isa = PBXFileReference; fileEncoding = 4; lastKnownFileType = sourcecode.swift; path = AVRoutePickerViewButton.swift; sourceTree = "<group>"; };
		1F5ABF2324BDD97600E03C0B /* MiniPlayerView.xib */ = {isa = PBXFileReference; fileEncoding = 4; lastKnownFileType = file.xib; path = MiniPlayerView.xib; sourceTree = "<group>"; };
		1F5ABF2424BDD97600E03C0B /* BasementTabBar.swift */ = {isa = PBXFileReference; fileEncoding = 4; lastKnownFileType = sourcecode.swift; path = BasementTabBar.swift; sourceTree = "<group>"; };
		1F5ABF2524BDD97600E03C0B /* MiniPlayerView.swift */ = {isa = PBXFileReference; fileEncoding = 4; lastKnownFileType = sourcecode.swift; path = MiniPlayerView.swift; sourceTree = "<group>"; };
		1F5ABF2724BDD97600E03C0B /* BestMatchCell.swift */ = {isa = PBXFileReference; fileEncoding = 4; lastKnownFileType = sourcecode.swift; path = BestMatchCell.swift; sourceTree = "<group>"; };
		1F5ABF2824BDD97600E03C0B /* SceneDelegate.swift */ = {isa = PBXFileReference; fileEncoding = 4; lastKnownFileType = sourcecode.swift; path = SceneDelegate.swift; sourceTree = "<group>"; };
		1F71D65A24BE38DF00B353B8 /* KeychainManager.swift */ = {isa = PBXFileReference; lastKnownFileType = sourcecode.swift; path = KeychainManager.swift; sourceTree = "<group>"; };
		1FA50C1F24AA773E0026577D /* Basement.app */ = {isa = PBXFileReference; explicitFileType = wrapper.application; includeInIndex = 0; path = Basement.app; sourceTree = BUILT_PRODUCTS_DIR; };
		1FA50C3524AA773F0026577D /* BasementTests.xctest */ = {isa = PBXFileReference; explicitFileType = wrapper.cfbundle; includeInIndex = 0; path = BasementTests.xctest; sourceTree = BUILT_PRODUCTS_DIR; };
		1FA50C3924AA773F0026577D /* BasementTests.swift */ = {isa = PBXFileReference; lastKnownFileType = sourcecode.swift; path = BasementTests.swift; sourceTree = "<group>"; };
		1FA50C3B24AA773F0026577D /* Info.plist */ = {isa = PBXFileReference; lastKnownFileType = text.plist.xml; path = Info.plist; sourceTree = "<group>"; };
		1FA50C4024AA773F0026577D /* BasementUITests.xctest */ = {isa = PBXFileReference; explicitFileType = wrapper.cfbundle; includeInIndex = 0; path = BasementUITests.xctest; sourceTree = BUILT_PRODUCTS_DIR; };
		1FA50C4424AA773F0026577D /* BasementUITests.swift */ = {isa = PBXFileReference; lastKnownFileType = sourcecode.swift; path = BasementUITests.swift; sourceTree = "<group>"; };
		1FA50C4624AA773F0026577D /* Info.plist */ = {isa = PBXFileReference; lastKnownFileType = text.plist.xml; path = Info.plist; sourceTree = "<group>"; };
		1FCD449E24AA7D4000FCB990 /* AuthenticationServices.framework */ = {isa = PBXFileReference; lastKnownFileType = wrapper.framework; name = AuthenticationServices.framework; path = System/Library/Frameworks/AuthenticationServices.framework; sourceTree = SDKROOT; };
		1FDAC8A424AE2307004F7533 /* SpotifyiOS.framework */ = {isa = PBXFileReference; lastKnownFileType = wrapper.framework; name = SpotifyiOS.framework; path = Basement/Resources/SpotifyiOS.framework; sourceTree = "<group>"; };
		209C2F261C549D6AEF373A5E /* Pods_BasementTests.framework */ = {isa = PBXFileReference; explicitFileType = wrapper.framework; includeInIndex = 0; path = Pods_BasementTests.framework; sourceTree = BUILT_PRODUCTS_DIR; };
		34532477239776B14676CB44 /* Pods-Basement-BasementUITests.debug.xcconfig */ = {isa = PBXFileReference; includeInIndex = 1; lastKnownFileType = text.xcconfig; name = "Pods-Basement-BasementUITests.debug.xcconfig"; path = "Target Support Files/Pods-Basement-BasementUITests/Pods-Basement-BasementUITests.debug.xcconfig"; sourceTree = "<group>"; };
		4F2F46E25F669DFE1C21ED7E /* Pods-Basement.release.xcconfig */ = {isa = PBXFileReference; includeInIndex = 1; lastKnownFileType = text.xcconfig; name = "Pods-Basement.release.xcconfig"; path = "Target Support Files/Pods-Basement/Pods-Basement.release.xcconfig"; sourceTree = "<group>"; };
		7C0269A0B70D7E127B0B8271 /* Pods-Basement-BasementUITests.release.xcconfig */ = {isa = PBXFileReference; includeInIndex = 1; lastKnownFileType = text.xcconfig; name = "Pods-Basement-BasementUITests.release.xcconfig"; path = "Target Support Files/Pods-Basement-BasementUITests/Pods-Basement-BasementUITests.release.xcconfig"; sourceTree = "<group>"; };
		BEE02BE8FB33C13C0865F31F /* Pods_Basement_BasementUITests.framework */ = {isa = PBXFileReference; explicitFileType = wrapper.framework; includeInIndex = 0; path = Pods_Basement_BasementUITests.framework; sourceTree = BUILT_PRODUCTS_DIR; };
		BF882AC294EAFA7A2BE0E6D7 /* Pods-BasementTests.release.xcconfig */ = {isa = PBXFileReference; includeInIndex = 1; lastKnownFileType = text.xcconfig; name = "Pods-BasementTests.release.xcconfig"; path = "Target Support Files/Pods-BasementTests/Pods-BasementTests.release.xcconfig"; sourceTree = "<group>"; };
		D5C547580320CC0205365DA6 /* Pods-Basement.debug.xcconfig */ = {isa = PBXFileReference; includeInIndex = 1; lastKnownFileType = text.xcconfig; name = "Pods-Basement.debug.xcconfig"; path = "Target Support Files/Pods-Basement/Pods-Basement.debug.xcconfig"; sourceTree = "<group>"; };
		E7272F98C76A003650D5B9D9 /* Pods-BasementTests.debug.xcconfig */ = {isa = PBXFileReference; includeInIndex = 1; lastKnownFileType = text.xcconfig; name = "Pods-BasementTests.debug.xcconfig"; path = "Target Support Files/Pods-BasementTests/Pods-BasementTests.debug.xcconfig"; sourceTree = "<group>"; };
/* End PBXFileReference section */

/* Begin PBXFrameworksBuildPhase section */
		1FA50C1C24AA773E0026577D /* Frameworks */ = {
			isa = PBXFrameworksBuildPhase;
			buildActionMask = 2147483647;
			files = (
				1FCD449F24AA7D4000FCB990 /* AuthenticationServices.framework in Frameworks */,
				1FCD449624AA7CB900FCB990 /* KeyboardLayoutGuide in Frameworks */,
				1F71D65924BE34D300B353B8 /* KeychainAccess in Frameworks */,
				1F3DB2FA24E03B4C001C2F40 /* PromiseKit in Frameworks */,
				1FCD448D24AA7C4F00FCB990 /* CodableFirebase in Frameworks */,
				1F5B005D24BDDD38003410B0 /* Amber in Frameworks */,
				1F24EFA024BEE711002D263C /* SPAlert in Frameworks */,
				1FDAC8A524AE2307004F7533 /* SpotifyiOS.framework in Frameworks */,
				1FCD449324AA7C9700FCB990 /* MarqueeLabel in Frameworks */,
				A2D1597FDCBE9EFC23B1EAA4 /* Pods_Basement.framework in Frameworks */,
				1F5D077924D17F29004FF719 /* Retry in Frameworks */,
			);
			runOnlyForDeploymentPostprocessing = 0;
		};
		1FA50C3224AA773F0026577D /* Frameworks */ = {
			isa = PBXFrameworksBuildPhase;
			buildActionMask = 2147483647;
			files = (
				88CCF8371007811AF7C31DC5 /* Pods_BasementTests.framework in Frameworks */,
			);
			runOnlyForDeploymentPostprocessing = 0;
		};
		1FA50C3D24AA773F0026577D /* Frameworks */ = {
			isa = PBXFrameworksBuildPhase;
			buildActionMask = 2147483647;
			files = (
				FDC57A1D66F75623B694CE15 /* Pods_Basement_BasementUITests.framework in Frameworks */,
			);
			runOnlyForDeploymentPostprocessing = 0;
		};
/* End PBXFrameworksBuildPhase section */

/* Begin PBXGroup section */
		1F5ABED724BDD97600E03C0B /* Basement */ = {
			isa = PBXGroup;
			children = (
				1F5ABED824BDD97600E03C0B /* Basement-Bridging-Header.h */,
				1F5ABEE824BDD97600E03C0B /* GoogleService-Info.plist */,
				1F5ABEF424BDD97600E03C0B /* Basement.entitlements */,
				1F5ABEFB24BDD97600E03C0B /* AppDelegate.swift */,
				1F5ABF2824BDD97600E03C0B /* SceneDelegate.swift */,
				1F5ABEFC24BDD97600E03C0B /* Views */,
				1F5ABEF524BDD97600E03C0B /* Controllers */,
				1F5ABEE524BDD97600E03C0B /* Models */,
				1F5ABED924BDD97600E03C0B /* Resources */,
				1F5ABEE924BDD97600E03C0B /* Extensions */,
			);
			path = Basement;
			sourceTree = "<group>";
		};
		1F5ABED924BDD97600E03C0B /* Resources */ = {
			isa = PBXGroup;
			children = (
				1F5ABEE424BDD97600E03C0B /* Info.plist */,
				1F5ABEDB24BDD97600E03C0B /* Assets.xcassets */,
				1F5ABEE324BDD97600E03C0B /* SpotifyiOS.framework */,
				1F5ABEDE24BDD97600E03C0B /* LaunchScreen.storyboard */,
				1F5ABEDA24BDD97600E03C0B /* LeftImageTextField.swift */,
				1F5ABEDC24BDD97600E03C0B /* ShadowButton.swift */,
				1F5ABEDD24BDD97600E03C0B /* Presentable.swift */,
				1F5ABEE024BDD97600E03C0B /* ShadowImage.swift */,
				1F5ABEE124BDD97600E03C0B /* Round.swift */,
				1F5ABEE224BDD97600E03C0B /* LoadingButton.swift */,
			);
			path = Resources;
			sourceTree = "<group>";
		};
		1F5ABEE524BDD97600E03C0B /* Models */ = {
			isa = PBXGroup;
			children = (
				1F5ABEE624BDD97600E03C0B /* Music.swift */,
				1F5ABEE724BDD97600E03C0B /* StreamingPlatform.swift */,
			);
			path = Models;
			sourceTree = "<group>";
		};
		1F5ABEE924BDD97600E03C0B /* Extensions */ = {
			isa = PBXGroup;
			children = (
				1F5ABEEA24BDD97600E03C0B /* Date.swift */,
				1F5ABEEB24BDD97600E03C0B /* UIView.swift */,
				1F5ABEEC24BDD97600E03C0B /* Array.swift */,
				1F5ABEED24BDD97600E03C0B /* UIColor.swift */,
				1F5ABEEE24BDD97600E03C0B /* Integer.swift */,
				1F5ABEEF24BDD97600E03C0B /* UITableView.swift */,
				1F5ABEF024BDD97600E03C0B /* AVRoutePickerView.swift */,
				1F5ABEF124BDD97600E03C0B /* String.swift */,
				1F5ABEF224BDD97600E03C0B /* UIImage.swift */,
				1F5ABEF324BDD97600E03C0B /* UIApplication.swift */,
				1F2CFC5024BF7153009FDD3A /* TimeInterval.swift */,
			);
			path = Extensions;
			sourceTree = "<group>";
		};
		1F5ABEF524BDD97600E03C0B /* Controllers */ = {
			isa = PBXGroup;
			children = (
				1F5ABEF724BDD97600E03C0B /* Firebase.swift */,
				1F5ABEF824BDD97600E03C0B /* PlaybackManager.swift */,
				1F5ABEF924BDD97600E03C0B /* SessionManager.swift */,
				1F5ABEFA24BDD97600E03C0B /* AppleMusicAPI.swift */,
				1F5ABEF624BDD97600E03C0B /* SpotifyAPI.swift */,
				1F71D65A24BE38DF00B353B8 /* KeychainManager.swift */,
			);
			path = Controllers;
			sourceTree = "<group>";
		};
		1F5ABEFC24BDD97600E03C0B /* Views */ = {
			isa = PBXGroup;
			children = (
				1F5ABF1424BDD97600E03C0B /* Authentication */,
				1F5ABF0324BDD97600E03C0B /* Main */,
				1F5ABF1F24BDD97600E03C0B /* Supporting Views */,
				1F5ABEFD24BDD97600E03C0B /* Table View Cells */,
				1F5ABF1A24BDD97600E03C0B /* Collection View Cells */,
			);
			path = Views;
			sourceTree = "<group>";
		};
		1F5ABEFD24BDD97600E03C0B /* Table View Cells */ = {
			isa = PBXGroup;
			children = (
				1F5ABEFE24BDD97600E03C0B /* MusicCarouselCell.swift */,
				1F5ABEFF24BDD97600E03C0B /* FriendCell.swift */,
				1F5ABF0024BDD97600E03C0B /* MatchingContentCell.swift */,
				1F5ABF0124BDD97600E03C0B /* ContentCell.swift */,
				1F5ABF0224BDD97600E03C0B /* ContentOverviewCell.swift */,
			);
			path = "Table View Cells";
			sourceTree = "<group>";
		};
		1F5ABF0324BDD97600E03C0B /* Main */ = {
			isa = PBXGroup;
			children = (
				1F5ABF1124BDD97600E03C0B /* Main.storyboard */,
				1F5ABF1024BDD97600E03C0B /* HomeViewController.swift */,
				1F5ABF0924BDD97600E03C0B /* SearchViewController.swift */,
				1F5ABF1324BDD97600E03C0B /* ProfileViewController.swift */,
				1F5ABF1224BDD97600E03C0B /* ProfileEditorViewController.swift */,
				1F5ABF0824BDD97600E03C0B /* ContentViewController.swift */,
				1F5ABF0A24BDD97600E03C0B /* New Session */,
				1F5ABF0424BDD97600E03C0B /* Now Playing */,
			);
			path = Main;
			sourceTree = "<group>";
		};
		1F5ABF0424BDD97600E03C0B /* Now Playing */ = {
			isa = PBXGroup;
			children = (
				1F5ABF0724BDD97600E03C0B /* NowPlaying.storyboard */,
				1F5ABF0524BDD97600E03C0B /* NowPlayingViewController.swift */,
				1F5ABF0624BDD97600E03C0B /* QueueViewController.swift */,
			);
			path = "Now Playing";
			sourceTree = "<group>";
		};
		1F5ABF0A24BDD97600E03C0B /* New Session */ = {
			isa = PBXGroup;
			children = (
				1F5ABF0D24BDD97600E03C0B /* NewSession.storyboard */,
				1F5ABF0E24BDD97600E03C0B /* ChooseSessionContentViewController.swift */,
				1F5ABF0C24BDD97600E03C0B /* ChooseContentViewController.swift */,
				1F5ABF0F24BDD97600E03C0B /* SetupSessionConstraintsViewController.swift */,
				1F5ABF0B24BDD97600E03C0B /* ChooseFriendsViewController.swift */,
			);
			path = "New Session";
			sourceTree = "<group>";
		};
		1F5ABF1424BDD97600E03C0B /* Authentication */ = {
			isa = PBXGroup;
			children = (
				1F5ABF1524BDD97600E03C0B /* Authentication.storyboard */,
				1F5ABF1924BDD97600E03C0B /* SignInViewController.swift */,
				1F5ABF1824BDD97600E03C0B /* CreateAccountViewController.swift */,
				1F5ABF1624BDD97600E03C0B /* LinkMusicServicesViewController.swift */,
				1F5ABF1724BDD97600E03C0B /* AddFriendsViewController.swift */,
			);
			path = Authentication;
			sourceTree = "<group>";
		};
		1F5ABF1A24BDD97600E03C0B /* Collection View Cells */ = {
			isa = PBXGroup;
			children = (
				1F5ABF1B24BDD97600E03C0B /* FriendCollectionCell.swift */,
				1F5ABF1C24BDD97600E03C0B /* ContentSelectionCell.swift */,
				1F5ABF1D24BDD97600E03C0B /* AddContentCell.swift */,
				1F5ABF1E24BDD97600E03C0B /* MusicContentCell.swift */,
			);
			path = "Collection View Cells";
			sourceTree = "<group>";
		};
		1F5ABF1F24BDD97600E03C0B /* Supporting Views */ = {
			isa = PBXGroup;
			children = (
				1F5ABF2024BDD97600E03C0B /* SignInWithAppleButton.swift */,
				1F5ABF2124BDD97600E03C0B /* AVRoutePickerViewButton.swift */,
				1F5ABF2224BDD97600E03C0B /* Tab Bar */,
				1F5ABF2624BDD97600E03C0B /* Table View Cells */,
			);
			path = "Supporting Views";
			sourceTree = "<group>";
		};
		1F5ABF2224BDD97600E03C0B /* Tab Bar */ = {
			isa = PBXGroup;
			children = (
				1F5ABF2324BDD97600E03C0B /* MiniPlayerView.xib */,
				1F5ABF2424BDD97600E03C0B /* BasementTabBar.swift */,
				1F5ABF2524BDD97600E03C0B /* MiniPlayerView.swift */,
			);
			path = "Tab Bar";
			sourceTree = "<group>";
		};
		1F5ABF2624BDD97600E03C0B /* Table View Cells */ = {
			isa = PBXGroup;
			children = (
				1F5ABF2724BDD97600E03C0B /* BestMatchCell.swift */,
			);
			path = "Table View Cells";
			sourceTree = "<group>";
		};
		1FA50C1624AA773E0026577D = {
			isa = PBXGroup;
			children = (
				1F5ABED724BDD97600E03C0B /* Basement */,
				1FA50C3824AA773F0026577D /* BasementTests */,
				1FA50C4324AA773F0026577D /* BasementUITests */,
				1FA50C2024AA773E0026577D /* Products */,
				58EF2E197C577D31049E3BCE /* Frameworks */,
				2F411FCE834CD7745E21FBA4 /* Pods */,
			);
			sourceTree = "<group>";
		};
		1FA50C2024AA773E0026577D /* Products */ = {
			isa = PBXGroup;
			children = (
				1FA50C1F24AA773E0026577D /* Basement.app */,
				1FA50C3524AA773F0026577D /* BasementTests.xctest */,
				1FA50C4024AA773F0026577D /* BasementUITests.xctest */,
			);
			name = Products;
			sourceTree = "<group>";
		};
		1FA50C3824AA773F0026577D /* BasementTests */ = {
			isa = PBXGroup;
			children = (
				1FA50C3924AA773F0026577D /* BasementTests.swift */,
				1FA50C3B24AA773F0026577D /* Info.plist */,
			);
			path = BasementTests;
			sourceTree = "<group>";
		};
		1FA50C4324AA773F0026577D /* BasementUITests */ = {
			isa = PBXGroup;
			children = (
				1FA50C4424AA773F0026577D /* BasementUITests.swift */,
				1FA50C4624AA773F0026577D /* Info.plist */,
			);
			path = BasementUITests;
			sourceTree = "<group>";
		};
		2F411FCE834CD7745E21FBA4 /* Pods */ = {
			isa = PBXGroup;
			children = (
				D5C547580320CC0205365DA6 /* Pods-Basement.debug.xcconfig */,
				4F2F46E25F669DFE1C21ED7E /* Pods-Basement.release.xcconfig */,
				34532477239776B14676CB44 /* Pods-Basement-BasementUITests.debug.xcconfig */,
				7C0269A0B70D7E127B0B8271 /* Pods-Basement-BasementUITests.release.xcconfig */,
				E7272F98C76A003650D5B9D9 /* Pods-BasementTests.debug.xcconfig */,
				BF882AC294EAFA7A2BE0E6D7 /* Pods-BasementTests.release.xcconfig */,
			);
			path = Pods;
			sourceTree = "<group>";
		};
		58EF2E197C577D31049E3BCE /* Frameworks */ = {
			isa = PBXGroup;
			children = (
				1FDAC8A424AE2307004F7533 /* SpotifyiOS.framework */,
				1FCD449E24AA7D4000FCB990 /* AuthenticationServices.framework */,
				0EAFBCC4BB1DA39883CFE32F /* Pods_Basement.framework */,
				BEE02BE8FB33C13C0865F31F /* Pods_Basement_BasementUITests.framework */,
				209C2F261C549D6AEF373A5E /* Pods_BasementTests.framework */,
			);
			name = Frameworks;
			sourceTree = "<group>";
		};
/* End PBXGroup section */

/* Begin PBXNativeTarget section */
		1FA50C1E24AA773E0026577D /* Basement */ = {
			isa = PBXNativeTarget;
			buildConfigurationList = 1FA50C4924AA773F0026577D /* Build configuration list for PBXNativeTarget "Basement" */;
			buildPhases = (
				FD52FD799F4016B5A0DD888A /* [CP] Check Pods Manifest.lock */,
				1FA50C1B24AA773E0026577D /* Sources */,
				1FA50C1C24AA773E0026577D /* Frameworks */,
				1FA50C1D24AA773E0026577D /* Resources */,
				C30C8D49C16F3AC85B19BC83 /* [CP] Embed Pods Frameworks */,
			);
			buildRules = (
			);
			dependencies = (
			);
			name = Basement;
			packageProductDependencies = (
				1FCD448C24AA7C4F00FCB990 /* CodableFirebase */,
				1FCD449224AA7C9700FCB990 /* MarqueeLabel */,
				1FCD449524AA7CB900FCB990 /* KeyboardLayoutGuide */,
				1F5B005C24BDDD38003410B0 /* Amber */,
				1F71D65824BE34D300B353B8 /* KeychainAccess */,
				1F24EF9F24BEE711002D263C /* SPAlert */,
				1F5D077824D17F29004FF719 /* Retry */,
				1F3DB2F924E03B4C001C2F40 /* PromiseKit */,
			);
			productName = Basement;
			productReference = 1FA50C1F24AA773E0026577D /* Basement.app */;
			productType = "com.apple.product-type.application";
		};
		1FA50C3424AA773F0026577D /* BasementTests */ = {
			isa = PBXNativeTarget;
			buildConfigurationList = 1FA50C4C24AA773F0026577D /* Build configuration list for PBXNativeTarget "BasementTests" */;
			buildPhases = (
				2C2AAD4B74CD8C352986D488 /* [CP] Check Pods Manifest.lock */,
				1FA50C3124AA773F0026577D /* Sources */,
				1FA50C3224AA773F0026577D /* Frameworks */,
				1FA50C3324AA773F0026577D /* Resources */,
			);
			buildRules = (
			);
			dependencies = (
				1FA50C3724AA773F0026577D /* PBXTargetDependency */,
			);
			name = BasementTests;
			productName = BasementTests;
			productReference = 1FA50C3524AA773F0026577D /* BasementTests.xctest */;
			productType = "com.apple.product-type.bundle.unit-test";
		};
		1FA50C3F24AA773F0026577D /* BasementUITests */ = {
			isa = PBXNativeTarget;
			buildConfigurationList = 1FA50C4F24AA773F0026577D /* Build configuration list for PBXNativeTarget "BasementUITests" */;
			buildPhases = (
				F60836C7C960353F4FD32C2C /* [CP] Check Pods Manifest.lock */,
				1FA50C3C24AA773F0026577D /* Sources */,
				1FA50C3D24AA773F0026577D /* Frameworks */,
				1FA50C3E24AA773F0026577D /* Resources */,
				AA491062B70E31B17C966E99 /* [CP] Embed Pods Frameworks */,
			);
			buildRules = (
			);
			dependencies = (
				1FA50C4224AA773F0026577D /* PBXTargetDependency */,
			);
			name = BasementUITests;
			productName = BasementUITests;
			productReference = 1FA50C4024AA773F0026577D /* BasementUITests.xctest */;
			productType = "com.apple.product-type.bundle.ui-testing";
		};
/* End PBXNativeTarget section */

/* Begin PBXProject section */
		1FA50C1724AA773E0026577D /* Project object */ = {
			isa = PBXProject;
			attributes = {
				LastSwiftUpdateCheck = 1200;
				LastUpgradeCheck = 1200;
				TargetAttributes = {
					1FA50C1E24AA773E0026577D = {
						CreatedOnToolsVersion = 12.0;
					};
					1FA50C3424AA773F0026577D = {
						CreatedOnToolsVersion = 12.0;
						TestTargetID = 1FA50C1E24AA773E0026577D;
					};
					1FA50C3F24AA773F0026577D = {
						CreatedOnToolsVersion = 12.0;
						TestTargetID = 1FA50C1E24AA773E0026577D;
					};
				};
			};
			buildConfigurationList = 1FA50C1A24AA773E0026577D /* Build configuration list for PBXProject "Basement" */;
			compatibilityVersion = "Xcode 10.0";
			developmentRegion = en;
			hasScannedForEncodings = 0;
			knownRegions = (
				en,
				Base,
			);
			mainGroup = 1FA50C1624AA773E0026577D;
			packageReferences = (
				1FCD448B24AA7C4F00FCB990 /* XCRemoteSwiftPackageReference "CodableFirebase" */,
				1FCD449124AA7C9700FCB990 /* XCRemoteSwiftPackageReference "MarqueeLabel" */,
				1FCD449424AA7CB900FCB990 /* XCRemoteSwiftPackageReference "KeyboardLayoutGuide" */,
				1F5B005B24BDDD38003410B0 /* XCRemoteSwiftPackageReference "Amber" */,
				1F71D65724BE34D300B353B8 /* XCRemoteSwiftPackageReference "KeychainAccess" */,
				1F24EF9E24BEE711002D263C /* XCRemoteSwiftPackageReference "SPAlert" */,
				1F5D077724D17F29004FF719 /* XCRemoteSwiftPackageReference "Retry" */,
				1F3DB2F824E03B4C001C2F40 /* XCRemoteSwiftPackageReference "PromiseKit" */,
			);
			productRefGroup = 1FA50C2024AA773E0026577D /* Products */;
			projectDirPath = "";
			projectRoot = "";
			targets = (
				1FA50C1E24AA773E0026577D /* Basement */,
				1FA50C3424AA773F0026577D /* BasementTests */,
				1FA50C3F24AA773F0026577D /* BasementUITests */,
			);
		};
/* End PBXProject section */

/* Begin PBXResourcesBuildPhase section */
		1FA50C1D24AA773E0026577D /* Resources */ = {
			isa = PBXResourcesBuildPhase;
			buildActionMask = 2147483647;
			files = (
				1F5ABF5924BDD97600E03C0B /* Authentication.storyboard in Resources */,
				1F5ABF5624BDD97600E03C0B /* Main.storyboard in Resources */,
				1F5ABF2A24BDD97600E03C0B /* Assets.xcassets in Resources */,
				1F5ABF3524BDD97600E03C0B /* GoogleService-Info.plist in Resources */,
				1F5ABF5224BDD97600E03C0B /* NewSession.storyboard in Resources */,
				1F5ABF2D24BDD97600E03C0B /* LaunchScreen.storyboard in Resources */,
				1F5ABF6424BDD97600E03C0B /* MiniPlayerView.xib in Resources */,
				1F5ABF4D24BDD97600E03C0B /* NowPlaying.storyboard in Resources */,
			);
			runOnlyForDeploymentPostprocessing = 0;
		};
		1FA50C3324AA773F0026577D /* Resources */ = {
			isa = PBXResourcesBuildPhase;
			buildActionMask = 2147483647;
			files = (
			);
			runOnlyForDeploymentPostprocessing = 0;
		};
		1FA50C3E24AA773F0026577D /* Resources */ = {
			isa = PBXResourcesBuildPhase;
			buildActionMask = 2147483647;
			files = (
			);
			runOnlyForDeploymentPostprocessing = 0;
		};
/* End PBXResourcesBuildPhase section */

/* Begin PBXShellScriptBuildPhase section */
		2C2AAD4B74CD8C352986D488 /* [CP] Check Pods Manifest.lock */ = {
			isa = PBXShellScriptBuildPhase;
			buildActionMask = 2147483647;
			files = (
			);
			inputFileListPaths = (
			);
			inputPaths = (
				"${PODS_PODFILE_DIR_PATH}/Podfile.lock",
				"${PODS_ROOT}/Manifest.lock",
			);
			name = "[CP] Check Pods Manifest.lock";
			outputFileListPaths = (
			);
			outputPaths = (
				"$(DERIVED_FILE_DIR)/Pods-BasementTests-checkManifestLockResult.txt",
			);
			runOnlyForDeploymentPostprocessing = 0;
			shellPath = /bin/sh;
			shellScript = "diff \"${PODS_PODFILE_DIR_PATH}/Podfile.lock\" \"${PODS_ROOT}/Manifest.lock\" > /dev/null\nif [ $? != 0 ] ; then\n    # print error to STDERR\n    echo \"error: The sandbox is not in sync with the Podfile.lock. Run 'pod install' or update your CocoaPods installation.\" >&2\n    exit 1\nfi\n# This output is used by Xcode 'outputs' to avoid re-running this script phase.\necho \"SUCCESS\" > \"${SCRIPT_OUTPUT_FILE_0}\"\n";
			showEnvVarsInLog = 0;
		};
		AA491062B70E31B17C966E99 /* [CP] Embed Pods Frameworks */ = {
			isa = PBXShellScriptBuildPhase;
			buildActionMask = 2147483647;
			files = (
			);
			inputFileListPaths = (
				"${PODS_ROOT}/Target Support Files/Pods-Basement-BasementUITests/Pods-Basement-BasementUITests-frameworks-${CONFIGURATION}-input-files.xcfilelist",
			);
			name = "[CP] Embed Pods Frameworks";
			outputFileListPaths = (
				"${PODS_ROOT}/Target Support Files/Pods-Basement-BasementUITests/Pods-Basement-BasementUITests-frameworks-${CONFIGURATION}-output-files.xcfilelist",
			);
			runOnlyForDeploymentPostprocessing = 0;
			shellPath = /bin/sh;
			shellScript = "\"${PODS_ROOT}/Target Support Files/Pods-Basement-BasementUITests/Pods-Basement-BasementUITests-frameworks.sh\"\n";
			showEnvVarsInLog = 0;
		};
		C30C8D49C16F3AC85B19BC83 /* [CP] Embed Pods Frameworks */ = {
			isa = PBXShellScriptBuildPhase;
			buildActionMask = 2147483647;
			files = (
			);
			inputFileListPaths = (
				"${PODS_ROOT}/Target Support Files/Pods-Basement/Pods-Basement-frameworks-${CONFIGURATION}-input-files.xcfilelist",
			);
			name = "[CP] Embed Pods Frameworks";
			outputFileListPaths = (
				"${PODS_ROOT}/Target Support Files/Pods-Basement/Pods-Basement-frameworks-${CONFIGURATION}-output-files.xcfilelist",
			);
			runOnlyForDeploymentPostprocessing = 0;
			shellPath = /bin/sh;
			shellScript = "\"${PODS_ROOT}/Target Support Files/Pods-Basement/Pods-Basement-frameworks.sh\"\n";
			showEnvVarsInLog = 0;
		};
		F60836C7C960353F4FD32C2C /* [CP] Check Pods Manifest.lock */ = {
			isa = PBXShellScriptBuildPhase;
			buildActionMask = 2147483647;
			files = (
			);
			inputFileListPaths = (
			);
			inputPaths = (
				"${PODS_PODFILE_DIR_PATH}/Podfile.lock",
				"${PODS_ROOT}/Manifest.lock",
			);
			name = "[CP] Check Pods Manifest.lock";
			outputFileListPaths = (
			);
			outputPaths = (
				"$(DERIVED_FILE_DIR)/Pods-Basement-BasementUITests-checkManifestLockResult.txt",
			);
			runOnlyForDeploymentPostprocessing = 0;
			shellPath = /bin/sh;
			shellScript = "diff \"${PODS_PODFILE_DIR_PATH}/Podfile.lock\" \"${PODS_ROOT}/Manifest.lock\" > /dev/null\nif [ $? != 0 ] ; then\n    # print error to STDERR\n    echo \"error: The sandbox is not in sync with the Podfile.lock. Run 'pod install' or update your CocoaPods installation.\" >&2\n    exit 1\nfi\n# This output is used by Xcode 'outputs' to avoid re-running this script phase.\necho \"SUCCESS\" > \"${SCRIPT_OUTPUT_FILE_0}\"\n";
			showEnvVarsInLog = 0;
		};
		FD52FD799F4016B5A0DD888A /* [CP] Check Pods Manifest.lock */ = {
			isa = PBXShellScriptBuildPhase;
			buildActionMask = 2147483647;
			files = (
			);
			inputFileListPaths = (
			);
			inputPaths = (
				"${PODS_PODFILE_DIR_PATH}/Podfile.lock",
				"${PODS_ROOT}/Manifest.lock",
			);
			name = "[CP] Check Pods Manifest.lock";
			outputFileListPaths = (
			);
			outputPaths = (
				"$(DERIVED_FILE_DIR)/Pods-Basement-checkManifestLockResult.txt",
			);
			runOnlyForDeploymentPostprocessing = 0;
			shellPath = /bin/sh;
			shellScript = "diff \"${PODS_PODFILE_DIR_PATH}/Podfile.lock\" \"${PODS_ROOT}/Manifest.lock\" > /dev/null\nif [ $? != 0 ] ; then\n    # print error to STDERR\n    echo \"error: The sandbox is not in sync with the Podfile.lock. Run 'pod install' or update your CocoaPods installation.\" >&2\n    exit 1\nfi\n# This output is used by Xcode 'outputs' to avoid re-running this script phase.\necho \"SUCCESS\" > \"${SCRIPT_OUTPUT_FILE_0}\"\n";
			showEnvVarsInLog = 0;
		};
/* End PBXShellScriptBuildPhase section */

/* Begin PBXSourcesBuildPhase section */
		1FA50C1B24AA773E0026577D /* Sources */ = {
			isa = PBXSourcesBuildPhase;
			buildActionMask = 2147483647;
			files = (
				1F5ABF5D24BDD97600E03C0B /* SignInViewController.swift in Sources */,
				1F5ABF4524BDD97600E03C0B /* AppDelegate.swift in Sources */,
				1F5ABF3F24BDD97600E03C0B /* UIApplication.swift in Sources */,
				1F5ABF3A24BDD97600E03C0B /* Integer.swift in Sources */,
				1F5ABF6624BDD97600E03C0B /* MiniPlayerView.swift in Sources */,
				1F5ABF3724BDD97600E03C0B /* UIView.swift in Sources */,
				1F5ABF3924BDD97600E03C0B /* UIColor.swift in Sources */,
				1F5ABF3024BDD97600E03C0B /* LoadingButton.swift in Sources */,
				1F5ABF4824BDD97600E03C0B /* MatchingContentCell.swift in Sources */,
				1F5ABF3424BDD97600E03C0B /* StreamingPlatform.swift in Sources */,
				1F5ABF4A24BDD97600E03C0B /* ContentOverviewCell.swift in Sources */,
				1F5ABF6824BDD97600E03C0B /* SceneDelegate.swift in Sources */,
				1F5ABF2924BDD97600E03C0B /* LeftImageTextField.swift in Sources */,
				1F5ABF3E24BDD97600E03C0B /* UIImage.swift in Sources */,
				1F5ABF5024BDD97600E03C0B /* ChooseFriendsViewController.swift in Sources */,
				1F5ABF6124BDD97600E03C0B /* MusicContentCell.swift in Sources */,
				1F5ABF4224BDD97600E03C0B /* PlaybackManager.swift in Sources */,
				1F5ABF4F24BDD97600E03C0B /* SearchViewController.swift in Sources */,
				1F5ABF4624BDD97600E03C0B /* MusicCarouselCell.swift in Sources */,
				1F5ABF5A24BDD97600E03C0B /* LinkMusicServicesViewController.swift in Sources */,
				1F5ABF4724BDD97600E03C0B /* FriendCell.swift in Sources */,
				1F5ABF6024BDD97600E03C0B /* AddContentCell.swift in Sources */,
				1F5ABF5424BDD97600E03C0B /* SetupSessionConstraintsViewController.swift in Sources */,
				1F5ABF5B24BDD97600E03C0B /* AddFriendsViewController.swift in Sources */,
				1F5ABF5124BDD97600E03C0B /* ChooseContentViewController.swift in Sources */,
				1F5ABF2E24BDD97600E03C0B /* ShadowImage.swift in Sources */,
				1F5ABF6524BDD97600E03C0B /* BasementTabBar.swift in Sources */,
				1F5ABF4324BDD97600E03C0B /* SessionManager.swift in Sources */,
				1F5ABF5E24BDD97600E03C0B /* FriendCollectionCell.swift in Sources */,
				1F5ABF5F24BDD97600E03C0B /* ContentSelectionCell.swift in Sources */,
				1F5ABF6324BDD97600E03C0B /* AVRoutePickerViewButton.swift in Sources */,
				1F5ABF4E24BDD97600E03C0B /* ContentViewController.swift in Sources */,
				1F5ABF5524BDD97600E03C0B /* HomeViewController.swift in Sources */,
				1F5ABF5824BDD97600E03C0B /* ProfileViewController.swift in Sources */,
				1F5ABF4B24BDD97600E03C0B /* NowPlayingViewController.swift in Sources */,
				1F5ABF4924BDD97600E03C0B /* ContentCell.swift in Sources */,
				1F5ABF6724BDD97600E03C0B /* BestMatchCell.swift in Sources */,
				1F5ABF2B24BDD97600E03C0B /* ShadowButton.swift in Sources */,
				1F5ABF4124BDD97600E03C0B /* Firebase.swift in Sources */,
				1F71D65B24BE38DF00B353B8 /* KeychainManager.swift in Sources */,
				1F5ABF4024BDD97600E03C0B /* SpotifyAPI.swift in Sources */,
				1F5ABF4424BDD97600E03C0B /* AppleMusicAPI.swift in Sources */,
				1F5ABF3C24BDD97600E03C0B /* AVRoutePickerView.swift in Sources */,
				1F5ABF3824BDD97600E03C0B /* Array.swift in Sources */,
				1F5ABF5724BDD97600E03C0B /* ProfileEditorViewController.swift in Sources */,
				1F5ABF3324BDD97600E03C0B /* Music.swift in Sources */,
				1F5ABF2F24BDD97600E03C0B /* Round.swift in Sources */,
				1F5ABF6224BDD97600E03C0B /* SignInWithAppleButton.swift in Sources */,
				1F5ABF3624BDD97600E03C0B /* Date.swift in Sources */,
				1F2CFC5124BF7153009FDD3A /* TimeInterval.swift in Sources */,
				1F5ABF4C24BDD97600E03C0B /* QueueViewController.swift in Sources */,
				1F5ABF2C24BDD97600E03C0B /* Presentable.swift in Sources */,
				1F5ABF5C24BDD97600E03C0B /* CreateAccountViewController.swift in Sources */,
				1F5ABF3D24BDD97600E03C0B /* String.swift in Sources */,
				1F5ABF5324BDD97600E03C0B /* ChooseSessionContentViewController.swift in Sources */,
				1F5ABF3B24BDD97600E03C0B /* UITableView.swift in Sources */,
			);
			runOnlyForDeploymentPostprocessing = 0;
		};
		1FA50C3124AA773F0026577D /* Sources */ = {
			isa = PBXSourcesBuildPhase;
			buildActionMask = 2147483647;
			files = (
				1FA50C3A24AA773F0026577D /* BasementTests.swift in Sources */,
			);
			runOnlyForDeploymentPostprocessing = 0;
		};
		1FA50C3C24AA773F0026577D /* Sources */ = {
			isa = PBXSourcesBuildPhase;
			buildActionMask = 2147483647;
			files = (
				1FA50C4524AA773F0026577D /* BasementUITests.swift in Sources */,
			);
			runOnlyForDeploymentPostprocessing = 0;
		};
/* End PBXSourcesBuildPhase section */

/* Begin PBXTargetDependency section */
		1FA50C3724AA773F0026577D /* PBXTargetDependency */ = {
			isa = PBXTargetDependency;
			target = 1FA50C1E24AA773E0026577D /* Basement */;
			targetProxy = 1FA50C3624AA773F0026577D /* PBXContainerItemProxy */;
		};
		1FA50C4224AA773F0026577D /* PBXTargetDependency */ = {
			isa = PBXTargetDependency;
			target = 1FA50C1E24AA773E0026577D /* Basement */;
			targetProxy = 1FA50C4124AA773F0026577D /* PBXContainerItemProxy */;
		};
/* End PBXTargetDependency section */

/* Begin PBXVariantGroup section */
		1F5ABEDE24BDD97600E03C0B /* LaunchScreen.storyboard */ = {
			isa = PBXVariantGroup;
			children = (
				1F5ABEDF24BDD97600E03C0B /* Base */,
			);
			name = LaunchScreen.storyboard;
			sourceTree = "<group>";
		};
/* End PBXVariantGroup section */

/* Begin XCBuildConfiguration section */
		1FA50C4724AA773F0026577D /* Debug */ = {
			isa = XCBuildConfiguration;
			buildSettings = {
				ALWAYS_SEARCH_USER_PATHS = NO;
				CLANG_ANALYZER_NONNULL = YES;
				CLANG_ANALYZER_NUMBER_OBJECT_CONVERSION = YES_AGGRESSIVE;
				CLANG_CXX_LANGUAGE_STANDARD = "gnu++14";
				CLANG_CXX_LIBRARY = "libc++";
				CLANG_ENABLE_MODULES = YES;
				CLANG_ENABLE_OBJC_ARC = YES;
				CLANG_ENABLE_OBJC_WEAK = YES;
				CLANG_WARN_BLOCK_CAPTURE_AUTORELEASING = YES;
				CLANG_WARN_BOOL_CONVERSION = YES;
				CLANG_WARN_COMMA = YES;
				CLANG_WARN_CONSTANT_CONVERSION = YES;
				CLANG_WARN_DEPRECATED_OBJC_IMPLEMENTATIONS = YES;
				CLANG_WARN_DIRECT_OBJC_ISA_USAGE = YES_ERROR;
				CLANG_WARN_DOCUMENTATION_COMMENTS = YES;
				CLANG_WARN_EMPTY_BODY = YES;
				CLANG_WARN_ENUM_CONVERSION = YES;
				CLANG_WARN_INFINITE_RECURSION = YES;
				CLANG_WARN_INT_CONVERSION = YES;
				CLANG_WARN_NON_LITERAL_NULL_CONVERSION = YES;
				CLANG_WARN_OBJC_IMPLICIT_RETAIN_SELF = YES;
				CLANG_WARN_OBJC_LITERAL_CONVERSION = YES;
				CLANG_WARN_OBJC_ROOT_CLASS = YES_ERROR;
				CLANG_WARN_QUOTED_INCLUDE_IN_FRAMEWORK_HEADER = YES;
				CLANG_WARN_RANGE_LOOP_ANALYSIS = YES;
				CLANG_WARN_STRICT_PROTOTYPES = YES;
				CLANG_WARN_SUSPICIOUS_MOVE = YES;
				CLANG_WARN_UNGUARDED_AVAILABILITY = YES_AGGRESSIVE;
				CLANG_WARN_UNREACHABLE_CODE = YES;
				CLANG_WARN__DUPLICATE_METHOD_MATCH = YES;
				COPY_PHASE_STRIP = NO;
				DEBUG_INFORMATION_FORMAT = dwarf;
				ENABLE_STRICT_OBJC_MSGSEND = YES;
				ENABLE_TESTABILITY = YES;
				GCC_C_LANGUAGE_STANDARD = gnu11;
				GCC_DYNAMIC_NO_PIC = NO;
				GCC_NO_COMMON_BLOCKS = YES;
				GCC_OPTIMIZATION_LEVEL = 0;
				GCC_PREPROCESSOR_DEFINITIONS = (
					"DEBUG=1",
					"$(inherited)",
				);
				GCC_WARN_64_TO_32_BIT_CONVERSION = YES;
				GCC_WARN_ABOUT_RETURN_TYPE = YES_ERROR;
				GCC_WARN_UNDECLARED_SELECTOR = YES;
				GCC_WARN_UNINITIALIZED_AUTOS = YES_AGGRESSIVE;
				GCC_WARN_UNUSED_FUNCTION = YES;
				GCC_WARN_UNUSED_VARIABLE = YES;
				IPHONEOS_DEPLOYMENT_TARGET = 14.0;
				MTL_ENABLE_DEBUG_INFO = INCLUDE_SOURCE;
				MTL_FAST_MATH = YES;
				ONLY_ACTIVE_ARCH = YES;
				SDKROOT = iphoneos;
				SWIFT_ACTIVE_COMPILATION_CONDITIONS = DEBUG;
				SWIFT_OPTIMIZATION_LEVEL = "-Onone";
			};
			name = Debug;
		};
		1FA50C4824AA773F0026577D /* Release */ = {
			isa = XCBuildConfiguration;
			buildSettings = {
				ALWAYS_SEARCH_USER_PATHS = NO;
				CLANG_ANALYZER_NONNULL = YES;
				CLANG_ANALYZER_NUMBER_OBJECT_CONVERSION = YES_AGGRESSIVE;
				CLANG_CXX_LANGUAGE_STANDARD = "gnu++14";
				CLANG_CXX_LIBRARY = "libc++";
				CLANG_ENABLE_MODULES = YES;
				CLANG_ENABLE_OBJC_ARC = YES;
				CLANG_ENABLE_OBJC_WEAK = YES;
				CLANG_WARN_BLOCK_CAPTURE_AUTORELEASING = YES;
				CLANG_WARN_BOOL_CONVERSION = YES;
				CLANG_WARN_COMMA = YES;
				CLANG_WARN_CONSTANT_CONVERSION = YES;
				CLANG_WARN_DEPRECATED_OBJC_IMPLEMENTATIONS = YES;
				CLANG_WARN_DIRECT_OBJC_ISA_USAGE = YES_ERROR;
				CLANG_WARN_DOCUMENTATION_COMMENTS = YES;
				CLANG_WARN_EMPTY_BODY = YES;
				CLANG_WARN_ENUM_CONVERSION = YES;
				CLANG_WARN_INFINITE_RECURSION = YES;
				CLANG_WARN_INT_CONVERSION = YES;
				CLANG_WARN_NON_LITERAL_NULL_CONVERSION = YES;
				CLANG_WARN_OBJC_IMPLICIT_RETAIN_SELF = YES;
				CLANG_WARN_OBJC_LITERAL_CONVERSION = YES;
				CLANG_WARN_OBJC_ROOT_CLASS = YES_ERROR;
				CLANG_WARN_QUOTED_INCLUDE_IN_FRAMEWORK_HEADER = YES;
				CLANG_WARN_RANGE_LOOP_ANALYSIS = YES;
				CLANG_WARN_STRICT_PROTOTYPES = YES;
				CLANG_WARN_SUSPICIOUS_MOVE = YES;
				CLANG_WARN_UNGUARDED_AVAILABILITY = YES_AGGRESSIVE;
				CLANG_WARN_UNREACHABLE_CODE = YES;
				CLANG_WARN__DUPLICATE_METHOD_MATCH = YES;
				COPY_PHASE_STRIP = NO;
				DEBUG_INFORMATION_FORMAT = "dwarf-with-dsym";
				ENABLE_NS_ASSERTIONS = NO;
				ENABLE_STRICT_OBJC_MSGSEND = YES;
				GCC_C_LANGUAGE_STANDARD = gnu11;
				GCC_NO_COMMON_BLOCKS = YES;
				GCC_WARN_64_TO_32_BIT_CONVERSION = YES;
				GCC_WARN_ABOUT_RETURN_TYPE = YES_ERROR;
				GCC_WARN_UNDECLARED_SELECTOR = YES;
				GCC_WARN_UNINITIALIZED_AUTOS = YES_AGGRESSIVE;
				GCC_WARN_UNUSED_FUNCTION = YES;
				GCC_WARN_UNUSED_VARIABLE = YES;
				IPHONEOS_DEPLOYMENT_TARGET = 14.0;
				MTL_ENABLE_DEBUG_INFO = NO;
				MTL_FAST_MATH = YES;
				SDKROOT = iphoneos;
				SWIFT_COMPILATION_MODE = wholemodule;
				SWIFT_OPTIMIZATION_LEVEL = "-O";
				VALIDATE_PRODUCT = YES;
			};
			name = Release;
		};
		1FA50C4A24AA773F0026577D /* Debug */ = {
			isa = XCBuildConfiguration;
			baseConfigurationReference = D5C547580320CC0205365DA6 /* Pods-Basement.debug.xcconfig */;
			buildSettings = {
				ASSETCATALOG_COMPILER_APPICON_NAME = AppIcon;
				ASSETCATALOG_COMPILER_GLOBAL_ACCENT_COLOR_NAME = AccentColor;
				CODE_SIGN_ENTITLEMENTS = Basement/Basement.entitlements;
				CODE_SIGN_STYLE = Automatic;
				CURRENT_PROJECT_VERSION = 1;
				DEVELOPMENT_TEAM = 3V93A3ACV9;
				FRAMEWORK_SEARCH_PATHS = (
					"$(inherited)",
					"$(PROJECT_DIR)/Basement/Resources",
					"$(PROJECT_DIR)/Basement/_Resources",
				);
				INFOPLIST_FILE = "$(SRCROOT)/Basement/Resources/Info.plist";
				IPHONEOS_DEPLOYMENT_TARGET = 13.0;
				LD_RUNPATH_SEARCH_PATHS = (
					"$(inherited)",
					"@executable_path/Frameworks",
				);
				MARKETING_VERSION = 0.1;
				PRODUCT_BUNDLE_IDENTIFIER = com.g30r93g.Basement;
				PRODUCT_NAME = "$(TARGET_NAME)";
				SWIFT_OBJC_BRIDGING_HEADER = "Basement/Basement-Bridging-Header.h";
				SWIFT_VERSION = 5.0;
				TARGETED_DEVICE_FAMILY = "1,2";
			};
			name = Debug;
		};
		1FA50C4B24AA773F0026577D /* Release */ = {
			isa = XCBuildConfiguration;
			baseConfigurationReference = 4F2F46E25F669DFE1C21ED7E /* Pods-Basement.release.xcconfig */;
			buildSettings = {
				ASSETCATALOG_COMPILER_APPICON_NAME = AppIcon;
				ASSETCATALOG_COMPILER_GLOBAL_ACCENT_COLOR_NAME = AccentColor;
				CODE_SIGN_ENTITLEMENTS = Basement/Basement.entitlements;
				CODE_SIGN_STYLE = Automatic;
				CURRENT_PROJECT_VERSION = 1;
				DEVELOPMENT_TEAM = 3V93A3ACV9;
				FRAMEWORK_SEARCH_PATHS = (
					"$(inherited)",
					"$(PROJECT_DIR)/Basement/Resources",
					"$(PROJECT_DIR)/Basement/_Resources",
				);
				INFOPLIST_FILE = "$(SRCROOT)/Basement/Resources/Info.plist";
				IPHONEOS_DEPLOYMENT_TARGET = 13.0;
				LD_RUNPATH_SEARCH_PATHS = (
					"$(inherited)",
					"@executable_path/Frameworks",
				);
				MARKETING_VERSION = 0.1;
				PRODUCT_BUNDLE_IDENTIFIER = com.g30r93g.Basement;
				PRODUCT_NAME = "$(TARGET_NAME)";
				SWIFT_OBJC_BRIDGING_HEADER = "Basement/Basement-Bridging-Header.h";
				SWIFT_VERSION = 5.0;
				TARGETED_DEVICE_FAMILY = "1,2";
			};
			name = Release;
		};
		1FA50C4D24AA773F0026577D /* Debug */ = {
			isa = XCBuildConfiguration;
			baseConfigurationReference = E7272F98C76A003650D5B9D9 /* Pods-BasementTests.debug.xcconfig */;
			buildSettings = {
				ALWAYS_EMBED_SWIFT_STANDARD_LIBRARIES = YES;
				BUNDLE_LOADER = "$(TEST_HOST)";
				CODE_SIGN_STYLE = Automatic;
				DEVELOPMENT_TEAM = 3V93A3ACV9;
				INFOPLIST_FILE = BasementTests/Info.plist;
				IPHONEOS_DEPLOYMENT_TARGET = 14.0;
				LD_RUNPATH_SEARCH_PATHS = (
					"$(inherited)",
					"@executable_path/Frameworks",
					"@loader_path/Frameworks",
				);
				PRODUCT_BUNDLE_IDENTIFIER = com.g30r93g.BasementTests;
				PRODUCT_NAME = "$(TARGET_NAME)";
				SWIFT_VERSION = 5.0;
				TARGETED_DEVICE_FAMILY = "1,2";
				TEST_HOST = "$(BUILT_PRODUCTS_DIR)/Basement.app/Basement";
			};
			name = Debug;
		};
		1FA50C4E24AA773F0026577D /* Release */ = {
			isa = XCBuildConfiguration;
			baseConfigurationReference = BF882AC294EAFA7A2BE0E6D7 /* Pods-BasementTests.release.xcconfig */;
			buildSettings = {
				ALWAYS_EMBED_SWIFT_STANDARD_LIBRARIES = YES;
				BUNDLE_LOADER = "$(TEST_HOST)";
				CODE_SIGN_STYLE = Automatic;
				DEVELOPMENT_TEAM = 3V93A3ACV9;
				INFOPLIST_FILE = BasementTests/Info.plist;
				IPHONEOS_DEPLOYMENT_TARGET = 14.0;
				LD_RUNPATH_SEARCH_PATHS = (
					"$(inherited)",
					"@executable_path/Frameworks",
					"@loader_path/Frameworks",
				);
				PRODUCT_BUNDLE_IDENTIFIER = com.g30r93g.BasementTests;
				PRODUCT_NAME = "$(TARGET_NAME)";
				SWIFT_VERSION = 5.0;
				TARGETED_DEVICE_FAMILY = "1,2";
				TEST_HOST = "$(BUILT_PRODUCTS_DIR)/Basement.app/Basement";
			};
			name = Release;
		};
		1FA50C5024AA773F0026577D /* Debug */ = {
			isa = XCBuildConfiguration;
			baseConfigurationReference = 34532477239776B14676CB44 /* Pods-Basement-BasementUITests.debug.xcconfig */;
			buildSettings = {
				ALWAYS_EMBED_SWIFT_STANDARD_LIBRARIES = YES;
				CODE_SIGN_STYLE = Automatic;
				DEVELOPMENT_TEAM = 3V93A3ACV9;
				INFOPLIST_FILE = BasementUITests/Info.plist;
				LD_RUNPATH_SEARCH_PATHS = (
					"$(inherited)",
					"@executable_path/Frameworks",
					"@loader_path/Frameworks",
				);
				PRODUCT_BUNDLE_IDENTIFIER = com.g30r93g.BasementUITests;
				PRODUCT_NAME = "$(TARGET_NAME)";
				SWIFT_VERSION = 5.0;
				TARGETED_DEVICE_FAMILY = "1,2";
				TEST_TARGET_NAME = Basement;
			};
			name = Debug;
		};
		1FA50C5124AA773F0026577D /* Release */ = {
			isa = XCBuildConfiguration;
			baseConfigurationReference = 7C0269A0B70D7E127B0B8271 /* Pods-Basement-BasementUITests.release.xcconfig */;
			buildSettings = {
				ALWAYS_EMBED_SWIFT_STANDARD_LIBRARIES = YES;
				CODE_SIGN_STYLE = Automatic;
				DEVELOPMENT_TEAM = 3V93A3ACV9;
				INFOPLIST_FILE = BasementUITests/Info.plist;
				LD_RUNPATH_SEARCH_PATHS = (
					"$(inherited)",
					"@executable_path/Frameworks",
					"@loader_path/Frameworks",
				);
				PRODUCT_BUNDLE_IDENTIFIER = com.g30r93g.BasementUITests;
				PRODUCT_NAME = "$(TARGET_NAME)";
				SWIFT_VERSION = 5.0;
				TARGETED_DEVICE_FAMILY = "1,2";
				TEST_TARGET_NAME = Basement;
			};
			name = Release;
		};
/* End XCBuildConfiguration section */

/* Begin XCConfigurationList section */
		1FA50C1A24AA773E0026577D /* Build configuration list for PBXProject "Basement" */ = {
			isa = XCConfigurationList;
			buildConfigurations = (
				1FA50C4724AA773F0026577D /* Debug */,
				1FA50C4824AA773F0026577D /* Release */,
			);
			defaultConfigurationIsVisible = 0;
			defaultConfigurationName = Release;
		};
		1FA50C4924AA773F0026577D /* Build configuration list for PBXNativeTarget "Basement" */ = {
			isa = XCConfigurationList;
			buildConfigurations = (
				1FA50C4A24AA773F0026577D /* Debug */,
				1FA50C4B24AA773F0026577D /* Release */,
			);
			defaultConfigurationIsVisible = 0;
			defaultConfigurationName = Release;
		};
		1FA50C4C24AA773F0026577D /* Build configuration list for PBXNativeTarget "BasementTests" */ = {
			isa = XCConfigurationList;
			buildConfigurations = (
				1FA50C4D24AA773F0026577D /* Debug */,
				1FA50C4E24AA773F0026577D /* Release */,
			);
			defaultConfigurationIsVisible = 0;
			defaultConfigurationName = Release;
		};
		1FA50C4F24AA773F0026577D /* Build configuration list for PBXNativeTarget "BasementUITests" */ = {
			isa = XCConfigurationList;
			buildConfigurations = (
				1FA50C5024AA773F0026577D /* Debug */,
				1FA50C5124AA773F0026577D /* Release */,
			);
			defaultConfigurationIsVisible = 0;
			defaultConfigurationName = Release;
		};
/* End XCConfigurationList section */

/* Begin XCRemoteSwiftPackageReference section */
		1F24EF9E24BEE711002D263C /* XCRemoteSwiftPackageReference "SPAlert" */ = {
			isa = XCRemoteSwiftPackageReference;
			repositoryURL = "https://github.com/ivanvorobei/SPAlert.git";
			requirement = {
				branch = master;
				kind = branch;
			};
		};
		1F3DB2F824E03B4C001C2F40 /* XCRemoteSwiftPackageReference "PromiseKit" */ = {
			isa = XCRemoteSwiftPackageReference;
			repositoryURL = "https://github.com/mxcl/PromiseKit";
			requirement = {
				branch = master;
				kind = branch;
			};
		};
		1F5B005B24BDDD38003410B0 /* XCRemoteSwiftPackageReference "Amber" */ = {
			isa = XCRemoteSwiftPackageReference;
			repositoryURL = "https://github.com/g30r93g/Amber.git";
			requirement = {
				branch = master;
				kind = branch;
			};
		};
		1F5D077724D17F29004FF719 /* XCRemoteSwiftPackageReference "Retry" */ = {
			isa = XCRemoteSwiftPackageReference;
			repositoryURL = "https://github.com/icanzilb/Retry.git";
			requirement = {
				branch = master;
				kind = branch;
			};
		};
		1F71D65724BE34D300B353B8 /* XCRemoteSwiftPackageReference "KeychainAccess" */ = {
			isa = XCRemoteSwiftPackageReference;
			repositoryURL = "https://github.com/kishikawakatsumi/KeychainAccess.git";
			requirement = {
				branch = master;
				kind = branch;
			};
		};
		1FCD448B24AA7C4F00FCB990 /* XCRemoteSwiftPackageReference "CodableFirebase" */ = {
			isa = XCRemoteSwiftPackageReference;
			repositoryURL = "https://github.com/alickbass/CodableFirebase.git";
			requirement = {
				kind = upToNextMinorVersion;
				minimumVersion = 0.2.0;
			};
		};
		1FCD449124AA7C9700FCB990 /* XCRemoteSwiftPackageReference "MarqueeLabel" */ = {
			isa = XCRemoteSwiftPackageReference;
			repositoryURL = "https://github.com/cbpowell/MarqueeLabel.git";
			requirement = {
				branch = master;
				kind = branch;
			};
		};
		1FCD449424AA7CB900FCB990 /* XCRemoteSwiftPackageReference "KeyboardLayoutGuide" */ = {
			isa = XCRemoteSwiftPackageReference;
			repositoryURL = "https://github.com/freshOS/KeyboardLayoutGuide.git";
			requirement = {
				branch = master;
				kind = branch;
			};
		};
/* End XCRemoteSwiftPackageReference section */

/* Begin XCSwiftPackageProductDependency section */
		1F24EF9F24BEE711002D263C /* SPAlert */ = {
			isa = XCSwiftPackageProductDependency;
			package = 1F24EF9E24BEE711002D263C /* XCRemoteSwiftPackageReference "SPAlert" */;
			productName = SPAlert;
		};
		1F3DB2F924E03B4C001C2F40 /* PromiseKit */ = {
			isa = XCSwiftPackageProductDependency;
			package = 1F3DB2F824E03B4C001C2F40 /* XCRemoteSwiftPackageReference "PromiseKit" */;
			productName = PromiseKit;
		};
		1F5B005C24BDDD38003410B0 /* Amber */ = {
			isa = XCSwiftPackageProductDependency;
			package = 1F5B005B24BDDD38003410B0 /* XCRemoteSwiftPackageReference "Amber" */;
			productName = Amber;
		};
		1F5D077824D17F29004FF719 /* Retry */ = {
			isa = XCSwiftPackageProductDependency;
			package = 1F5D077724D17F29004FF719 /* XCRemoteSwiftPackageReference "Retry" */;
			productName = Retry;
		};
		1F71D65824BE34D300B353B8 /* KeychainAccess */ = {
			isa = XCSwiftPackageProductDependency;
			package = 1F71D65724BE34D300B353B8 /* XCRemoteSwiftPackageReference "KeychainAccess" */;
			productName = KeychainAccess;
		};
		1FCD448C24AA7C4F00FCB990 /* CodableFirebase */ = {
			isa = XCSwiftPackageProductDependency;
			package = 1FCD448B24AA7C4F00FCB990 /* XCRemoteSwiftPackageReference "CodableFirebase" */;
			productName = CodableFirebase;
		};
		1FCD449224AA7C9700FCB990 /* MarqueeLabel */ = {
			isa = XCSwiftPackageProductDependency;
			package = 1FCD449124AA7C9700FCB990 /* XCRemoteSwiftPackageReference "MarqueeLabel" */;
			productName = MarqueeLabel;
		};
		1FCD449524AA7CB900FCB990 /* KeyboardLayoutGuide */ = {
			isa = XCSwiftPackageProductDependency;
			package = 1FCD449424AA7CB900FCB990 /* XCRemoteSwiftPackageReference "KeyboardLayoutGuide" */;
			productName = KeyboardLayoutGuide;
		};
/* End XCSwiftPackageProductDependency section */
	};
	rootObject = 1FA50C1724AA773E0026577D /* Project object */;
}
